// !$*UTF8*$!
{
	archiveVersion = 1;
	classes = {
	};
	objectVersion = 56;
	objects = {

/* Begin PBXBuildFile section */
		3A105FD62C1BED660015EC66 /* BlurView.swift in Sources */ = {isa = PBXBuildFile; fileRef = 3A105FD52C1BED660015EC66 /* BlurView.swift */; };
		3A105FD92C1C049E0015EC66 /* dockStyle.swift in Sources */ = {isa = PBXBuildFile; fileRef = 3A105FD82C1C049E0015EC66 /* dockStyle.swift */; };
		3A105FDD2C1C0EE20015EC66 /* DynStack.swift in Sources */ = {isa = PBXBuildFile; fileRef = 3A105FDC2C1C0EE20015EC66 /* DynStack.swift */; };
		BB157B6D2C0E31CF00997315 /* Assets.xcassets in Resources */ = {isa = PBXBuildFile; fileRef = BB157B6C2C0E31CF00997315 /* Assets.xcassets */; };
		BB157B702C0E31CF00997315 /* Preview Assets.xcassets in Resources */ = {isa = PBXBuildFile; fileRef = BB157B6F2C0E31CF00997315 /* Preview Assets.xcassets */; };
		BB157B792C0E330100997315 /* WindowUtil.swift in Sources */ = {isa = PBXBuildFile; fileRef = BB157B782C0E330100997315 /* WindowUtil.swift */; };
		BB157B7B2C0E343000997315 /* SystemPreferencesHelper.swift in Sources */ = {isa = PBXBuildFile; fileRef = BB157B7A2C0E343000997315 /* SystemPreferencesHelper.swift */; };
		BB157B802C0E8E6700997315 /* MessageUtil.swift in Sources */ = {isa = PBXBuildFile; fileRef = BB157B7F2C0E8E6700997315 /* MessageUtil.swift */; };
		BB157B822C0EB29E00997315 /* DockObserver.swift in Sources */ = {isa = PBXBuildFile; fileRef = BB157B812C0EB29E00997315 /* DockObserver.swift */; };
		BB1CBD582C1BA800003969BC /* SettingsView.swift in Sources */ = {isa = PBXBuildFile; fileRef = BB1CBD572C1BA800003969BC /* SettingsView.swift */; };
		BB1CBD5B2C1BA8DC003969BC /* Defaults in Frameworks */ = {isa = PBXBuildFile; productRef = BB1CBD5A2C1BA8DC003969BC /* Defaults */; };
		BB1CBD5D2C1BCA4F003969BC /* Misc Utils.swift in Sources */ = {isa = PBXBuildFile; fileRef = BB1CBD5C2C1BCA4F003969BC /* Misc Utils.swift */; };
		BB2567C62C10C5F000C0C93E /* DockUtils.swift in Sources */ = {isa = PBXBuildFile; fileRef = BB2567C52C10C5F000C0C93E /* DockUtils.swift */; };
		BB33E68C2C24C72F00A21D69 /* LaunchAtLogin in Frameworks */ = {isa = PBXBuildFile; productRef = BB33E68B2C24C72F00A21D69 /* LaunchAtLogin */; };
		BB3967FD2C291D5A004F1AB6 /* StackedShadow.swift in Sources */ = {isa = PBXBuildFile; fileRef = BB3967FC2C291D5A004F1AB6 /* StackedShadow.swift */; };
		BB3968002C2A6C44004F1AB6 /* SmoothGradient in Frameworks */ = {isa = PBXBuildFile; productRef = BB3967FF2C2A6C44004F1AB6 /* SmoothGradient */; };
		BB3968022C2A6CC2004F1AB6 /* Marquee.swift in Sources */ = {isa = PBXBuildFile; fileRef = BB3968012C2A6CC2004F1AB6 /* Marquee.swift */; };
		BB6A4F1C2C1CFCFF00CB4C9E /* PermView.swift in Sources */ = {isa = PBXBuildFile; fileRef = BB6A4F1B2C1CFCFF00CB4C9E /* PermView.swift */; };
		BBA153F62C115DDA00119C02 /* AppDelegate.swift in Sources */ = {isa = PBXBuildFile; fileRef = BBA153F52C115DDA00119C02 /* AppDelegate.swift */; };
		BBA153F82C11604400119C02 /* HoverWindow.swift in Sources */ = {isa = PBXBuildFile; fileRef = BBA153F72C11604400119C02 /* HoverWindow.swift */; };
		BBA153FA2C11FFD500119C02 /* consts.swift in Sources */ = {isa = PBXBuildFile; fileRef = BBA153F92C11FFD500119C02 /* consts.swift */; };
		BBA153FC2C12356100119C02 /* main.swift in Sources */ = {isa = PBXBuildFile; fileRef = BBA153FB2C12356100119C02 /* main.swift */; };
		BBCFAE402C266234002E1516 /* FirstTimeView.swift in Sources */ = {isa = PBXBuildFile; fileRef = BBCFAE3F2C266234002E1516 /* FirstTimeView.swift */; };
		BBE7CC8F2C22421900AB8F4D /* Settings in Frameworks */ = {isa = PBXBuildFile; productRef = BBE7CC8E2C22421900AB8F4D /* Settings */; };
		BBE7CC912C22429A00AB8F4D /* settings.swift in Sources */ = {isa = PBXBuildFile; fileRef = BBE7CC902C22429A00AB8F4D /* settings.swift */; };
		BBE7CC942C225D9700AB8F4D /* App Icon.swift in Sources */ = {isa = PBXBuildFile; fileRef = BBE7CC932C225D9700AB8F4D /* App Icon.swift */; };
		BBF6C6222C1A9B4300BF1D40 /* AnimatedGradientOverlay.swift in Sources */ = {isa = PBXBuildFile; fileRef = BBF6C6212C1A9B4300BF1D40 /* AnimatedGradientOverlay.swift */; };
		BBF6C6242C1B4B4400BF1D40 /* KeybindHelper.swift in Sources */ = {isa = PBXBuildFile; fileRef = BBF6C6232C1B4B4400BF1D40 /* KeybindHelper.swift */; };
		BBFAD73A2C287A9C0092F5F1 /* Sparkle in Frameworks */ = {isa = PBXBuildFile; productRef = BBFAD7392C287A9C0092F5F1 /* Sparkle */; };
		BBFAD73C2C287C770092F5F1 /* UpdateView.swift in Sources */ = {isa = PBXBuildFile; fileRef = BBFAD73B2C287C770092F5F1 /* UpdateView.swift */; };
/* End PBXBuildFile section */

/* Begin PBXFileReference section */
		3A105FD52C1BED660015EC66 /* BlurView.swift */ = {isa = PBXFileReference; lastKnownFileType = sourcecode.swift; path = BlurView.swift; sourceTree = "<group>"; };
		3A105FD82C1C049E0015EC66 /* dockStyle.swift */ = {isa = PBXFileReference; lastKnownFileType = sourcecode.swift; path = dockStyle.swift; sourceTree = "<group>"; };
		3A105FDC2C1C0EE20015EC66 /* DynStack.swift */ = {isa = PBXFileReference; lastKnownFileType = sourcecode.swift; path = DynStack.swift; sourceTree = "<group>"; };
		BB157B652C0E31CE00997315 /* DockDoor.app */ = {isa = PBXFileReference; explicitFileType = wrapper.application; includeInIndex = 0; path = DockDoor.app; sourceTree = BUILT_PRODUCTS_DIR; };
		BB157B6C2C0E31CF00997315 /* Assets.xcassets */ = {isa = PBXFileReference; lastKnownFileType = folder.assetcatalog; path = Assets.xcassets; sourceTree = "<group>"; };
		BB157B6F2C0E31CF00997315 /* Preview Assets.xcassets */ = {isa = PBXFileReference; lastKnownFileType = folder.assetcatalog; path = "Preview Assets.xcassets"; sourceTree = "<group>"; };
		BB157B712C0E31CF00997315 /* DockDoor.entitlements */ = {isa = PBXFileReference; lastKnownFileType = text.plist.entitlements; path = DockDoor.entitlements; sourceTree = "<group>"; };
		BB157B782C0E330100997315 /* WindowUtil.swift */ = {isa = PBXFileReference; lastKnownFileType = sourcecode.swift; path = WindowUtil.swift; sourceTree = "<group>"; };
		BB157B7A2C0E343000997315 /* SystemPreferencesHelper.swift */ = {isa = PBXFileReference; lastKnownFileType = sourcecode.swift; path = SystemPreferencesHelper.swift; sourceTree = "<group>"; };
		BB157B7F2C0E8E6700997315 /* MessageUtil.swift */ = {isa = PBXFileReference; lastKnownFileType = sourcecode.swift; path = MessageUtil.swift; sourceTree = "<group>"; };
		BB157B812C0EB29E00997315 /* DockObserver.swift */ = {isa = PBXFileReference; lastKnownFileType = sourcecode.swift; path = DockObserver.swift; sourceTree = "<group>"; };
		BB1CBD572C1BA800003969BC /* SettingsView.swift */ = {isa = PBXFileReference; lastKnownFileType = sourcecode.swift; path = SettingsView.swift; sourceTree = "<group>"; };
		BB1CBD5C2C1BCA4F003969BC /* Misc Utils.swift */ = {isa = PBXFileReference; lastKnownFileType = sourcecode.swift; path = "Misc Utils.swift"; sourceTree = "<group>"; };
		BB2567C52C10C5F000C0C93E /* DockUtils.swift */ = {isa = PBXFileReference; fileEncoding = 4; lastKnownFileType = sourcecode.swift; path = DockUtils.swift; sourceTree = "<group>"; };
		BB3967FC2C291D5A004F1AB6 /* StackedShadow.swift */ = {isa = PBXFileReference; lastKnownFileType = sourcecode.swift; path = StackedShadow.swift; sourceTree = "<group>"; };
		BB3968012C2A6CC2004F1AB6 /* Marquee.swift */ = {isa = PBXFileReference; lastKnownFileType = sourcecode.swift; path = Marquee.swift; sourceTree = "<group>"; };
		BB6A4F1B2C1CFCFF00CB4C9E /* PermView.swift */ = {isa = PBXFileReference; lastKnownFileType = sourcecode.swift; path = PermView.swift; sourceTree = "<group>"; };
		BB8247782C2889B20098A440 /* Info.plist */ = {isa = PBXFileReference; lastKnownFileType = text.plist; path = Info.plist; sourceTree = "<group>"; };
		BBA153F52C115DDA00119C02 /* AppDelegate.swift */ = {isa = PBXFileReference; fileEncoding = 4; lastKnownFileType = sourcecode.swift; path = AppDelegate.swift; sourceTree = "<group>"; };
		BBA153F72C11604400119C02 /* HoverWindow.swift */ = {isa = PBXFileReference; lastKnownFileType = sourcecode.swift; path = HoverWindow.swift; sourceTree = "<group>"; };
		BBA153F92C11FFD500119C02 /* consts.swift */ = {isa = PBXFileReference; lastKnownFileType = sourcecode.swift; path = consts.swift; sourceTree = "<group>"; };
		BBA153FB2C12356100119C02 /* main.swift */ = {isa = PBXFileReference; lastKnownFileType = sourcecode.swift; path = main.swift; sourceTree = "<group>"; };
		BBCFAE3F2C266234002E1516 /* FirstTimeView.swift */ = {isa = PBXFileReference; lastKnownFileType = sourcecode.swift; path = FirstTimeView.swift; sourceTree = "<group>"; };
		BBE7CC902C22429A00AB8F4D /* settings.swift */ = {isa = PBXFileReference; lastKnownFileType = sourcecode.swift; path = settings.swift; sourceTree = "<group>"; };
		BBE7CC932C225D9700AB8F4D /* App Icon.swift */ = {isa = PBXFileReference; lastKnownFileType = sourcecode.swift; path = "App Icon.swift"; sourceTree = "<group>"; };
		BBF6C6212C1A9B4300BF1D40 /* AnimatedGradientOverlay.swift */ = {isa = PBXFileReference; lastKnownFileType = sourcecode.swift; path = AnimatedGradientOverlay.swift; sourceTree = "<group>"; };
		BBF6C6232C1B4B4400BF1D40 /* KeybindHelper.swift */ = {isa = PBXFileReference; lastKnownFileType = sourcecode.swift; path = KeybindHelper.swift; sourceTree = "<group>"; };
		BBFAD73B2C287C770092F5F1 /* UpdateView.swift */ = {isa = PBXFileReference; lastKnownFileType = sourcecode.swift; path = UpdateView.swift; sourceTree = "<group>"; };
/* End PBXFileReference section */

/* Begin PBXFrameworksBuildPhase section */
		BB157B622C0E31CE00997315 /* Frameworks */ = {
			isa = PBXFrameworksBuildPhase;
			buildActionMask = 2147483647;
			files = (
				BB33E68C2C24C72F00A21D69 /* LaunchAtLogin in Frameworks */,
				BBFAD73A2C287A9C0092F5F1 /* Sparkle in Frameworks */,
				BB3968002C2A6C44004F1AB6 /* SmoothGradient in Frameworks */,
				BB1CBD5B2C1BA8DC003969BC /* Defaults in Frameworks */,
				BBE7CC8F2C22421900AB8F4D /* Settings in Frameworks */,
			);
			runOnlyForDeploymentPostprocessing = 0;
		};
/* End PBXFrameworksBuildPhase section */

/* Begin PBXGroup section */
		3A105FD42C1BED5B0015EC66 /* Components */ = {
			isa = PBXGroup;
			children = (
				3A105FD52C1BED660015EC66 /* BlurView.swift */,
				3A105FDC2C1C0EE20015EC66 /* DynStack.swift */,
				BB3967FC2C291D5A004F1AB6 /* StackedShadow.swift */,
				BB3968012C2A6CC2004F1AB6 /* Marquee.swift */,
			);
			path = Components;
			sourceTree = "<group>";
		};
		3A105FD72C1BF11D0015EC66 /* Extensions */ = {
			isa = PBXGroup;
			children = (
				3A105FD82C1C049E0015EC66 /* dockStyle.swift */,
			);
			path = Extensions;
			sourceTree = "<group>";
		};
		BB157B5C2C0E31CE00997315 = {
			isa = PBXGroup;
			children = (
				BB157B672C0E31CE00997315 /* DockDoor */,
				BB157B662C0E31CE00997315 /* Products */,
			);
			sourceTree = "<group>";
		};
		BB157B662C0E31CE00997315 /* Products */ = {
			isa = PBXGroup;
			children = (
				BB157B652C0E31CE00997315 /* DockDoor.app */,
			);
			name = Products;
			sourceTree = "<group>";
		};
		BB157B672C0E31CE00997315 /* DockDoor */ = {
			isa = PBXGroup;
			children = (
				BB8247792C288FD30098A440 /* Updates */,
				BB8247782C2889B20098A440 /* Info.plist */,
				BBA153F92C11FFD500119C02 /* consts.swift */,
				BBA153FB2C12356100119C02 /* main.swift */,
				BBA153F52C115DDA00119C02 /* AppDelegate.swift */,
				3A105FD42C1BED5B0015EC66 /* Components */,
				3A105FD72C1BF11D0015EC66 /* Extensions */,
				BBA153FD2C12358600119C02 /* Views */,
				BB157B772C0E32EF00997315 /* Utilities */,
				BB157B6C2C0E31CF00997315 /* Assets.xcassets */,
				BB157B712C0E31CF00997315 /* DockDoor.entitlements */,
				BB157B6E2C0E31CF00997315 /* Preview Content */,
			);
			path = DockDoor;
			sourceTree = "<group>";
		};
		BB157B6E2C0E31CF00997315 /* Preview Content */ = {
			isa = PBXGroup;
			children = (
				BB157B6F2C0E31CF00997315 /* Preview Assets.xcassets */,
			);
			path = "Preview Content";
			sourceTree = "<group>";
		};
		BB157B772C0E32EF00997315 /* Utilities */ = {
			isa = PBXGroup;
			children = (
				BB2567C52C10C5F000C0C93E /* DockUtils.swift */,
				BB157B782C0E330100997315 /* WindowUtil.swift */,
				BB157B7A2C0E343000997315 /* SystemPreferencesHelper.swift */,
				BB157B7F2C0E8E6700997315 /* MessageUtil.swift */,
				BB157B812C0EB29E00997315 /* DockObserver.swift */,
				BBF6C6232C1B4B4400BF1D40 /* KeybindHelper.swift */,
				BB1CBD5C2C1BCA4F003969BC /* Misc Utils.swift */,
				BBE7CC932C225D9700AB8F4D /* App Icon.swift */,
			);
			path = Utilities;
			sourceTree = "<group>";
		};
		BB8247792C288FD30098A440 /* Updates */ = {
			isa = PBXGroup;
			children = (
			);
			path = Updates;
			sourceTree = "<group>";
		};
		BBA153FD2C12358600119C02 /* Views */ = {
			isa = PBXGroup;
			children = (
				BBE7CC922C2244A600AB8F4D /* Settings */,
				BBA153F72C11604400119C02 /* HoverWindow.swift */,
				BBF6C6212C1A9B4300BF1D40 /* AnimatedGradientOverlay.swift */,
				BBCFAE3F2C266234002E1516 /* FirstTimeView.swift */,
			);
			path = Views;
			sourceTree = "<group>";
		};
		BBE7CC922C2244A600AB8F4D /* Settings */ = {
			isa = PBXGroup;
			children = (
				BBE7CC902C22429A00AB8F4D /* settings.swift */,
				BB1CBD572C1BA800003969BC /* SettingsView.swift */,
				BB6A4F1B2C1CFCFF00CB4C9E /* PermView.swift */,
				BBFAD73B2C287C770092F5F1 /* UpdateView.swift */,
			);
			path = Settings;
			sourceTree = "<group>";
		};
/* End PBXGroup section */

/* Begin PBXNativeTarget section */
		BB157B642C0E31CE00997315 /* DockDoor */ = {
			isa = PBXNativeTarget;
			buildConfigurationList = BB157B742C0E31CF00997315 /* Build configuration list for PBXNativeTarget "DockDoor" */;
			buildPhases = (
				BB157B612C0E31CE00997315 /* Sources */,
				BB157B622C0E31CE00997315 /* Frameworks */,
				BB157B632C0E31CE00997315 /* Resources */,
			);
			buildRules = (
			);
			dependencies = (
			);
			name = DockDoor;
			packageProductDependencies = (
				BB1CBD5A2C1BA8DC003969BC /* Defaults */,
				BBE7CC8E2C22421900AB8F4D /* Settings */,
				BB33E68B2C24C72F00A21D69 /* LaunchAtLogin */,
				BBFAD7392C287A9C0092F5F1 /* Sparkle */,
				BB3967FF2C2A6C44004F1AB6 /* SmoothGradient */,
			);
			productName = DockDoor;
			productReference = BB157B652C0E31CE00997315 /* DockDoor.app */;
			productType = "com.apple.product-type.application";
		};
/* End PBXNativeTarget section */

/* Begin PBXProject section */
		BB157B5D2C0E31CE00997315 /* Project object */ = {
			isa = PBXProject;
			attributes = {
				BuildIndependentTargetsInParallel = 1;
				LastSwiftUpdateCheck = 1540;
				LastUpgradeCheck = 1540;
				TargetAttributes = {
					BB157B642C0E31CE00997315 = {
						CreatedOnToolsVersion = 15.4;
					};
				};
			};
			buildConfigurationList = BB157B602C0E31CE00997315 /* Build configuration list for PBXProject "DockDoor" */;
			compatibilityVersion = "Xcode 14.0";
			developmentRegion = en;
			hasScannedForEncodings = 0;
			knownRegions = (
				en,
				Base,
			);
			mainGroup = BB157B5C2C0E31CE00997315;
			packageReferences = (
				BB1CBD592C1BA8DC003969BC /* XCRemoteSwiftPackageReference "Defaults" */,
				BBE7CC8D2C22421900AB8F4D /* XCRemoteSwiftPackageReference "Settings" */,
				BB33E68A2C24C72F00A21D69 /* XCRemoteSwiftPackageReference "LaunchAtLogin-Modern" */,
				BBFAD7382C287A9C0092F5F1 /* XCRemoteSwiftPackageReference "Sparkle" */,
				BB3967FE2C2A6C44004F1AB6 /* XCRemoteSwiftPackageReference "SmoothGradient" */,
			);
			productRefGroup = BB157B662C0E31CE00997315 /* Products */;
			projectDirPath = "";
			projectRoot = "";
			targets = (
				BB157B642C0E31CE00997315 /* DockDoor */,
			);
		};
/* End PBXProject section */

/* Begin PBXResourcesBuildPhase section */
		BB157B632C0E31CE00997315 /* Resources */ = {
			isa = PBXResourcesBuildPhase;
			buildActionMask = 2147483647;
			files = (
				BB157B702C0E31CF00997315 /* Preview Assets.xcassets in Resources */,
				BB157B6D2C0E31CF00997315 /* Assets.xcassets in Resources */,
			);
			runOnlyForDeploymentPostprocessing = 0;
		};
/* End PBXResourcesBuildPhase section */

/* Begin PBXSourcesBuildPhase section */
		BB157B612C0E31CE00997315 /* Sources */ = {
			isa = PBXSourcesBuildPhase;
			buildActionMask = 2147483647;
			files = (
				BB6A4F1C2C1CFCFF00CB4C9E /* PermView.swift in Sources */,
				BB3967FD2C291D5A004F1AB6 /* StackedShadow.swift in Sources */,
				BB157B802C0E8E6700997315 /* MessageUtil.swift in Sources */,
				3A105FD62C1BED660015EC66 /* BlurView.swift in Sources */,
				BB1CBD5D2C1BCA4F003969BC /* Misc Utils.swift in Sources */,
				3A105FD92C1C049E0015EC66 /* dockStyle.swift in Sources */,
				BBE7CC942C225D9700AB8F4D /* App Icon.swift in Sources */,
				BB3968022C2A6CC2004F1AB6 /* Marquee.swift in Sources */,
				BB157B822C0EB29E00997315 /* DockObserver.swift in Sources */,
				BBA153FA2C11FFD500119C02 /* consts.swift in Sources */,
				BBA153F62C115DDA00119C02 /* AppDelegate.swift in Sources */,
				BBA153F82C11604400119C02 /* HoverWindow.swift in Sources */,
				BBF6C6222C1A9B4300BF1D40 /* AnimatedGradientOverlay.swift in Sources */,
				BBA153FC2C12356100119C02 /* main.swift in Sources */,
				BBF6C6242C1B4B4400BF1D40 /* KeybindHelper.swift in Sources */,
				3A105FDD2C1C0EE20015EC66 /* DynStack.swift in Sources */,
				BB2567C62C10C5F000C0C93E /* DockUtils.swift in Sources */,
				BBE7CC912C22429A00AB8F4D /* settings.swift in Sources */,
				BBCFAE402C266234002E1516 /* FirstTimeView.swift in Sources */,
				BB1CBD582C1BA800003969BC /* SettingsView.swift in Sources */,
				BB157B792C0E330100997315 /* WindowUtil.swift in Sources */,
				BBFAD73C2C287C770092F5F1 /* UpdateView.swift in Sources */,
				BB157B7B2C0E343000997315 /* SystemPreferencesHelper.swift in Sources */,
			);
			runOnlyForDeploymentPostprocessing = 0;
		};
/* End PBXSourcesBuildPhase section */

/* Begin XCBuildConfiguration section */
		BB157B722C0E31CF00997315 /* Debug */ = {
			isa = XCBuildConfiguration;
			buildSettings = {
				ALWAYS_SEARCH_USER_PATHS = NO;
				ASSETCATALOG_COMPILER_GENERATE_SWIFT_ASSET_SYMBOL_EXTENSIONS = YES;
				CLANG_ANALYZER_NONNULL = YES;
				CLANG_ANALYZER_NUMBER_OBJECT_CONVERSION = YES_AGGRESSIVE;
				CLANG_CXX_LANGUAGE_STANDARD = "gnu++20";
				CLANG_ENABLE_MODULES = YES;
				CLANG_ENABLE_OBJC_ARC = YES;
				CLANG_ENABLE_OBJC_WEAK = YES;
				CLANG_WARN_BLOCK_CAPTURE_AUTORELEASING = YES;
				CLANG_WARN_BOOL_CONVERSION = YES;
				CLANG_WARN_COMMA = YES;
				CLANG_WARN_CONSTANT_CONVERSION = YES;
				CLANG_WARN_DEPRECATED_OBJC_IMPLEMENTATIONS = YES;
				CLANG_WARN_DIRECT_OBJC_ISA_USAGE = YES_ERROR;
				CLANG_WARN_DOCUMENTATION_COMMENTS = YES;
				CLANG_WARN_EMPTY_BODY = YES;
				CLANG_WARN_ENUM_CONVERSION = YES;
				CLANG_WARN_INFINITE_RECURSION = YES;
				CLANG_WARN_INT_CONVERSION = YES;
				CLANG_WARN_NON_LITERAL_NULL_CONVERSION = YES;
				CLANG_WARN_OBJC_IMPLICIT_RETAIN_SELF = YES;
				CLANG_WARN_OBJC_LITERAL_CONVERSION = YES;
				CLANG_WARN_OBJC_ROOT_CLASS = YES_ERROR;
				CLANG_WARN_QUOTED_INCLUDE_IN_FRAMEWORK_HEADER = YES;
				CLANG_WARN_RANGE_LOOP_ANALYSIS = YES;
				CLANG_WARN_STRICT_PROTOTYPES = YES;
				CLANG_WARN_SUSPICIOUS_MOVE = YES;
				CLANG_WARN_UNGUARDED_AVAILABILITY = YES_AGGRESSIVE;
				CLANG_WARN_UNREACHABLE_CODE = YES;
				CLANG_WARN__DUPLICATE_METHOD_MATCH = YES;
				COPY_PHASE_STRIP = NO;
				DEBUG_INFORMATION_FORMAT = dwarf;
				ENABLE_STRICT_OBJC_MSGSEND = YES;
				ENABLE_TESTABILITY = YES;
				ENABLE_USER_SCRIPT_SANDBOXING = YES;
				GCC_C_LANGUAGE_STANDARD = gnu17;
				GCC_DYNAMIC_NO_PIC = NO;
				GCC_NO_COMMON_BLOCKS = YES;
				GCC_OPTIMIZATION_LEVEL = 0;
				GCC_PREPROCESSOR_DEFINITIONS = (
					"DEBUG=1",
					"$(inherited)",
				);
				GCC_WARN_64_TO_32_BIT_CONVERSION = YES;
				GCC_WARN_ABOUT_RETURN_TYPE = YES_ERROR;
				GCC_WARN_UNDECLARED_SELECTOR = YES;
				GCC_WARN_UNINITIALIZED_AUTOS = YES_AGGRESSIVE;
				GCC_WARN_UNUSED_FUNCTION = YES;
				GCC_WARN_UNUSED_VARIABLE = YES;
				LOCALIZATION_PREFERS_STRING_CATALOGS = YES;
				MACOSX_DEPLOYMENT_TARGET = 14.5;
				MTL_ENABLE_DEBUG_INFO = INCLUDE_SOURCE;
				MTL_FAST_MATH = YES;
				ONLY_ACTIVE_ARCH = YES;
				SDKROOT = macosx;
				SWIFT_ACTIVE_COMPILATION_CONDITIONS = "DEBUG $(inherited)";
				SWIFT_OPTIMIZATION_LEVEL = "-Onone";
			};
			name = Debug;
		};
		BB157B732C0E31CF00997315 /* Release */ = {
			isa = XCBuildConfiguration;
			buildSettings = {
				ALWAYS_SEARCH_USER_PATHS = NO;
				ASSETCATALOG_COMPILER_GENERATE_SWIFT_ASSET_SYMBOL_EXTENSIONS = YES;
				CLANG_ANALYZER_NONNULL = YES;
				CLANG_ANALYZER_NUMBER_OBJECT_CONVERSION = YES_AGGRESSIVE;
				CLANG_CXX_LANGUAGE_STANDARD = "gnu++20";
				CLANG_ENABLE_MODULES = YES;
				CLANG_ENABLE_OBJC_ARC = YES;
				CLANG_ENABLE_OBJC_WEAK = YES;
				CLANG_WARN_BLOCK_CAPTURE_AUTORELEASING = YES;
				CLANG_WARN_BOOL_CONVERSION = YES;
				CLANG_WARN_COMMA = YES;
				CLANG_WARN_CONSTANT_CONVERSION = YES;
				CLANG_WARN_DEPRECATED_OBJC_IMPLEMENTATIONS = YES;
				CLANG_WARN_DIRECT_OBJC_ISA_USAGE = YES_ERROR;
				CLANG_WARN_DOCUMENTATION_COMMENTS = YES;
				CLANG_WARN_EMPTY_BODY = YES;
				CLANG_WARN_ENUM_CONVERSION = YES;
				CLANG_WARN_INFINITE_RECURSION = YES;
				CLANG_WARN_INT_CONVERSION = YES;
				CLANG_WARN_NON_LITERAL_NULL_CONVERSION = YES;
				CLANG_WARN_OBJC_IMPLICIT_RETAIN_SELF = YES;
				CLANG_WARN_OBJC_LITERAL_CONVERSION = YES;
				CLANG_WARN_OBJC_ROOT_CLASS = YES_ERROR;
				CLANG_WARN_QUOTED_INCLUDE_IN_FRAMEWORK_HEADER = YES;
				CLANG_WARN_RANGE_LOOP_ANALYSIS = YES;
				CLANG_WARN_STRICT_PROTOTYPES = YES;
				CLANG_WARN_SUSPICIOUS_MOVE = YES;
				CLANG_WARN_UNGUARDED_AVAILABILITY = YES_AGGRESSIVE;
				CLANG_WARN_UNREACHABLE_CODE = YES;
				CLANG_WARN__DUPLICATE_METHOD_MATCH = YES;
				COPY_PHASE_STRIP = NO;
				DEBUG_INFORMATION_FORMAT = "dwarf-with-dsym";
				ENABLE_NS_ASSERTIONS = NO;
				ENABLE_STRICT_OBJC_MSGSEND = YES;
				ENABLE_USER_SCRIPT_SANDBOXING = YES;
				GCC_C_LANGUAGE_STANDARD = gnu17;
				GCC_NO_COMMON_BLOCKS = YES;
				GCC_WARN_64_TO_32_BIT_CONVERSION = YES;
				GCC_WARN_ABOUT_RETURN_TYPE = YES_ERROR;
				GCC_WARN_UNDECLARED_SELECTOR = YES;
				GCC_WARN_UNINITIALIZED_AUTOS = YES_AGGRESSIVE;
				GCC_WARN_UNUSED_FUNCTION = YES;
				GCC_WARN_UNUSED_VARIABLE = YES;
				LOCALIZATION_PREFERS_STRING_CATALOGS = YES;
				MACOSX_DEPLOYMENT_TARGET = 14.5;
				MTL_ENABLE_DEBUG_INFO = NO;
				MTL_FAST_MATH = YES;
				SDKROOT = macosx;
				SWIFT_COMPILATION_MODE = wholemodule;
			};
			name = Release;
		};
		BB157B752C0E31CF00997315 /* Debug */ = {
			isa = XCBuildConfiguration;
			buildSettings = {
				ASSETCATALOG_COMPILER_APPICON_NAME = AppIcon;
				ASSETCATALOG_COMPILER_GLOBAL_ACCENT_COLOR_NAME = AccentColor;
				CODE_SIGN_ENTITLEMENTS = DockDoor/DockDoor.entitlements;
				"CODE_SIGN_IDENTITY[sdk=macosx*]" = "Apple Development";
				CODE_SIGN_STYLE = Automatic;
				COMBINE_HIDPI_IMAGES = YES;
				CURRENT_PROJECT_VERSION = 1.0.6;
				DEVELOPMENT_ASSET_PATHS = "\"DockDoor/Preview Content\"";
				DEVELOPMENT_TEAM = 2Q775S63Q3;
				ENABLE_HARDENED_RUNTIME = YES;
				ENABLE_PREVIEWS = YES;
				GENERATE_INFOPLIST_FILE = YES;
				INFOPLIST_FILE = DockDoor/Info.plist;
				INFOPLIST_KEY_CFBundleDisplayName = DockDoor;
				INFOPLIST_KEY_LSApplicationCategoryType = "public.app-category.utilities";
				INFOPLIST_KEY_NSHumanReadableCopyright = "";
				LD_RUNPATH_SEARCH_PATHS = (
					"$(inherited)",
					"@executable_path/../Frameworks",
				);
				MACOSX_DEPLOYMENT_TARGET = 14.0;
				MARKETING_VERSION = 1.0.6;
				PRODUCT_BUNDLE_IDENTIFIER = com.ethanbills.DockDoor;
				PRODUCT_NAME = "$(TARGET_NAME)";
				SWIFT_EMIT_LOC_STRINGS = YES;
				SWIFT_VERSION = 5.0;
			};
			name = Debug;
		};
		BB157B762C0E31CF00997315 /* Release */ = {
			isa = XCBuildConfiguration;
			buildSettings = {
				ASSETCATALOG_COMPILER_APPICON_NAME = AppIcon;
				ASSETCATALOG_COMPILER_GLOBAL_ACCENT_COLOR_NAME = AccentColor;
				CODE_SIGN_ENTITLEMENTS = DockDoor/DockDoor.entitlements;
				"CODE_SIGN_IDENTITY[sdk=macosx*]" = "Apple Development";
				CODE_SIGN_STYLE = Automatic;
				COMBINE_HIDPI_IMAGES = YES;
				CURRENT_PROJECT_VERSION = 1.0.6;
				DEVELOPMENT_ASSET_PATHS = "\"DockDoor/Preview Content\"";
				DEVELOPMENT_TEAM = 2Q775S63Q3;
				ENABLE_HARDENED_RUNTIME = YES;
				ENABLE_PREVIEWS = YES;
				GENERATE_INFOPLIST_FILE = YES;
				INFOPLIST_FILE = DockDoor/Info.plist;
				INFOPLIST_KEY_CFBundleDisplayName = DockDoor;
				INFOPLIST_KEY_LSApplicationCategoryType = "public.app-category.utilities";
				INFOPLIST_KEY_NSHumanReadableCopyright = "";
				LD_RUNPATH_SEARCH_PATHS = (
					"$(inherited)",
					"@executable_path/../Frameworks",
				);
				MACOSX_DEPLOYMENT_TARGET = 14.0;
				MARKETING_VERSION = 1.0.6;
				PRODUCT_BUNDLE_IDENTIFIER = com.ethanbills.DockDoor;
				PRODUCT_NAME = "$(TARGET_NAME)";
				SWIFT_EMIT_LOC_STRINGS = YES;
				SWIFT_VERSION = 5.0;
			};
			name = Release;
		};
/* End XCBuildConfiguration section */

/* Begin XCConfigurationList section */
		BB157B602C0E31CE00997315 /* Build configuration list for PBXProject "DockDoor" */ = {
			isa = XCConfigurationList;
			buildConfigurations = (
				BB157B722C0E31CF00997315 /* Debug */,
				BB157B732C0E31CF00997315 /* Release */,
			);
			defaultConfigurationIsVisible = 0;
			defaultConfigurationName = Release;
		};
		BB157B742C0E31CF00997315 /* Build configuration list for PBXNativeTarget "DockDoor" */ = {
			isa = XCConfigurationList;
			buildConfigurations = (
				BB157B752C0E31CF00997315 /* Debug */,
				BB157B762C0E31CF00997315 /* Release */,
			);
			defaultConfigurationIsVisible = 0;
			defaultConfigurationName = Release;
		};
/* End XCConfigurationList section */

/* Begin XCRemoteSwiftPackageReference section */
		BB1CBD592C1BA8DC003969BC /* XCRemoteSwiftPackageReference "Defaults" */ = {
			isa = XCRemoteSwiftPackageReference;
			repositoryURL = "https://github.com/sindresorhus/Defaults";
			requirement = {
				branch = main;
				kind = branch;
			};
		};
		BB33E68A2C24C72F00A21D69 /* XCRemoteSwiftPackageReference "LaunchAtLogin-Modern" */ = {
			isa = XCRemoteSwiftPackageReference;
			repositoryURL = "https://github.com/sindresorhus/LaunchAtLogin-Modern";
			requirement = {
				branch = main;
				kind = branch;
			};
		};
		BB3967FE2C2A6C44004F1AB6 /* XCRemoteSwiftPackageReference "SmoothGradient" */ = {
			isa = XCRemoteSwiftPackageReference;
			repositoryURL = "https://github.com/raymondjavaxx/SmoothGradient";
			requirement = {
				kind = upToNextMajorVersion;
				minimumVersion = 1.0.0;
			};
		};
		BBE7CC8D2C22421900AB8F4D /* XCRemoteSwiftPackageReference "Settings" */ = {
			isa = XCRemoteSwiftPackageReference;
			repositoryURL = "https://github.com/sindresorhus/Settings";
			requirement = {
				kind = upToNextMajorVersion;
				minimumVersion = 3.1.1;
			};
		};
		BBFAD7382C287A9C0092F5F1 /* XCRemoteSwiftPackageReference "Sparkle" */ = {
			isa = XCRemoteSwiftPackageReference;
			repositoryURL = "https://github.com/sparkle-project/Sparkle";
			requirement = {
				kind = upToNextMajorVersion;
				minimumVersion = 2.6.3;
			};
		};
/* End XCRemoteSwiftPackageReference section */

/* Begin XCSwiftPackageProductDependency section */
		BB1CBD5A2C1BA8DC003969BC /* Defaults */ = {
			isa = XCSwiftPackageProductDependency;
			package = BB1CBD592C1BA8DC003969BC /* XCRemoteSwiftPackageReference "Defaults" */;
			productName = Defaults;
		};
		BB33E68B2C24C72F00A21D69 /* LaunchAtLogin */ = {
			isa = XCSwiftPackageProductDependency;
			package = BB33E68A2C24C72F00A21D69 /* XCRemoteSwiftPackageReference "LaunchAtLogin-Modern" */;
			productName = LaunchAtLogin;
		};
		BB3967FF2C2A6C44004F1AB6 /* SmoothGradient */ = {
			isa = XCSwiftPackageProductDependency;
			package = BB3967FE2C2A6C44004F1AB6 /* XCRemoteSwiftPackageReference "SmoothGradient" */;
			productName = SmoothGradient;
		};
		BBE7CC8E2C22421900AB8F4D /* Settings */ = {
			isa = XCSwiftPackageProductDependency;
			package = BBE7CC8D2C22421900AB8F4D /* XCRemoteSwiftPackageReference "Settings" */;
			productName = Settings;
		};
		BBFAD7392C287A9C0092F5F1 /* Sparkle */ = {
			isa = XCSwiftPackageProductDependency;
			package = BBFAD7382C287A9C0092F5F1 /* XCRemoteSwiftPackageReference "Sparkle" */;
			productName = Sparkle;
		};
/* End XCSwiftPackageProductDependency section */
	};
	rootObject = BB157B5D2C0E31CE00997315 /* Project object */;
}
