// !$*UTF8*$!
{
	archiveVersion = 1;
	classes = {
	};
	objectVersion = 56;
	objects = {

/* Begin PBXBuildFile section */
		0531F8D22C3CC04600327808 /* AppearanceSettingsView.swift in Sources */ = {isa = PBXBuildFile; fileRef = 0531F8D12C3CC04600327808 /* AppearanceSettingsView.swift */; };
		0596C2C32C3E060D00DCABEF /* PrivateApis.swift in Sources */ = {isa = PBXBuildFile; fileRef = 0596C2C22C3E060D00DCABEF /* PrivateApis.swift */; };
		05C0C7182C60629C000ADAC6 /* AXUIElement.swift in Sources */ = {isa = PBXBuildFile; fileRef = 05C0C7172C60629C000ADAC6 /* AXUIElement.swift */; };
		27DC8C172CFA4DA7005F8F31 /* NumberFormatter+Convenience.swift in Sources */ = {isa = PBXBuildFile; fileRef = 27DC8C152CFA4DA7005F8F31 /* NumberFormatter+Convenience.swift */; };
		3A105FD62C1BED660015EC66 /* BlurView.swift in Sources */ = {isa = PBXBuildFile; fileRef = 3A105FD52C1BED660015EC66 /* BlurView.swift */; };
		3A105FD92C1C049E0015EC66 /* dockStyle.swift in Sources */ = {isa = PBXBuildFile; fileRef = 3A105FD82C1C049E0015EC66 /* dockStyle.swift */; };
		3A105FDD2C1C0EE20015EC66 /* DynStack.swift in Sources */ = {isa = PBXBuildFile; fileRef = 3A105FDC2C1C0EE20015EC66 /* DynStack.swift */; };
		3A1622982C8BF71000D318EE /* SwiftUIWindow.swift in Sources */ = {isa = PBXBuildFile; fileRef = 3A1622972C8BF71000D318EE /* SwiftUIWindow.swift */; };
		3A1622A32C8BFF3800D318EE /* Pow in Frameworks */ = {isa = PBXBuildFile; productRef = 3A1622A22C8BFF3800D318EE /* Pow */; };
		3A1622AE2C8C06F600D318EE /* mouse-up.mp3 in Resources */ = {isa = PBXBuildFile; fileRef = 3A1622AC2C8C06F600D318EE /* mouse-up.mp3 */; };
		3A1622B12C8C090C00D318EE /* mouse-down.mp3 in Resources */ = {isa = PBXBuildFile; fileRef = 3A1622B02C8C090C00D318EE /* mouse-down.mp3 */; };
		3A1622B52C8C09A700D318EE /* AccentButton.swift in Sources */ = {isa = PBXBuildFile; fileRef = 3A1622B42C8C09A700D318EE /* AccentButton.swift */; };
		3A1622B82C8C0EE200D318EE /* Kroma in Frameworks */ = {isa = PBXBuildFile; productRef = 3A1622B72C8C0EE200D318EE /* Kroma */; };
		3A1622BA2C8C0FF100D318EE /* NoBtnStyle.swift in Sources */ = {isa = PBXBuildFile; fileRef = 3A1622B92C8C0FF100D318EE /* NoBtnStyle.swift */; };
		3A1622BC2C8C1B8600D318EE /* FirstTimeViewAppIcon.swift in Sources */ = {isa = PBXBuildFile; fileRef = 3A1622BB2C8C1B8600D318EE /* FirstTimeViewAppIcon.swift */; };
		3A1622BE2C8C218500D318EE /* FirstTimeViewInstructionsView.swift in Sources */ = {isa = PBXBuildFile; fileRef = 3A1622BD2C8C218400D318EE /* FirstTimeViewInstructionsView.swift */; };
		3A1622C12C8D57AF00D318EE /* PermissionsChecker.swift in Sources */ = {isa = PBXBuildFile; fileRef = 3A1622C02C8D57AF00D318EE /* PermissionsChecker.swift */; };
		3A1622C32C8D586900D318EE /* PermissionsView.swift in Sources */ = {isa = PBXBuildFile; fileRef = 3A1622C22C8D586900D318EE /* PermissionsView.swift */; };
		3A1622C72C8D5A5C00D318EE /* EnabledActionRowView.swift in Sources */ = {isa = PBXBuildFile; fileRef = 3A1622C62C8D5A5C00D318EE /* EnabledActionRowView.swift */; };
		3A1622CA2C8D5E4600D318EE /* FirstTimeIntroTabView.swift in Sources */ = {isa = PBXBuildFile; fileRef = 3A1622C92C8D5E4600D318EE /* FirstTimeIntroTabView.swift */; };
		3A1622CC2C8D5F5B00D318EE /* FirstTimePermissionsTabView.swift in Sources */ = {isa = PBXBuildFile; fileRef = 3A1622CB2C8D5F5B00D318EE /* FirstTimePermissionsTabView.swift */; };
		3A1622CE2C8D5F8500D318EE /* FirstTimeCongratsTabView.swift in Sources */ = {isa = PBXBuildFile; fileRef = 3A1622CD2C8D5F8500D318EE /* FirstTimeCongratsTabView.swift */; };
		3A1622D02C8D691700D318EE /* SquiggleDivider.swift in Sources */ = {isa = PBXBuildFile; fileRef = 3A1622CF2C8D691700D318EE /* SquiggleDivider.swift */; };
		BB0036D02D24AAD20072C61E /* CGPoint.swift in Sources */ = {isa = PBXBuildFile; fileRef = BB0036CF2D24AAD10072C61E /* CGPoint.swift */; };
		BB04405B2C77A013009F1D33 /* GradientColorPaletteSettings.swift in Sources */ = {isa = PBXBuildFile; fileRef = BB04405A2C77A011009F1D33 /* GradientColorPaletteSettings.swift */; };
		BB04405E2C77A87F009F1D33 /* PreferencesProtocol.swift in Sources */ = {isa = PBXBuildFile; fileRef = BB04405D2C77A87E009F1D33 /* PreferencesProtocol.swift */; };
		BB0440602C77AD2C009F1D33 /* CodableColor.swift in Sources */ = {isa = PBXBuildFile; fileRef = BB04405F2C77AD27009F1D33 /* CodableColor.swift */; };
		BB0440622C77AE8D009F1D33 /* GradientColorPaletteSettingsView.swift in Sources */ = {isa = PBXBuildFile; fileRef = BB0440612C77AE85009F1D33 /* GradientColorPaletteSettingsView.swift */; };
		BB0CBE3A2DD8179200D55437 /* MouseEventModifier.swift in Sources */ = {isa = PBXBuildFile; fileRef = BB0CBE392DD8179200D55437 /* MouseEventModifier.swift */; };
		BB157B6D2C0E31CF00997315 /* Assets.xcassets in Resources */ = {isa = PBXBuildFile; fileRef = BB157B6C2C0E31CF00997315 /* Assets.xcassets */; };
		BB157B702C0E31CF00997315 /* Preview Assets.xcassets in Resources */ = {isa = PBXBuildFile; fileRef = BB157B6F2C0E31CF00997315 /* Preview Assets.xcassets */; };
		BB157B792C0E330100997315 /* WindowUtil.swift in Sources */ = {isa = PBXBuildFile; fileRef = BB157B782C0E330100997315 /* WindowUtil.swift */; };
		BB157B7B2C0E343000997315 /* SystemPreferencesHelper.swift in Sources */ = {isa = PBXBuildFile; fileRef = BB157B7A2C0E343000997315 /* SystemPreferencesHelper.swift */; };
		BB157B802C0E8E6700997315 /* MessageUtil.swift in Sources */ = {isa = PBXBuildFile; fileRef = BB157B7F2C0E8E6700997315 /* MessageUtil.swift */; };
		BB157B822C0EB29E00997315 /* DockObserver.swift in Sources */ = {isa = PBXBuildFile; fileRef = BB157B812C0EB29E00997315 /* DockObserver.swift */; };
		BB15E1E22C8E9435002ECFB9 /* FluidGradient.swift in Sources */ = {isa = PBXBuildFile; fileRef = BB15E1DF2C8E9435002ECFB9 /* FluidGradient.swift */; };
		BB15E1E32C8E9435002ECFB9 /* ResizableLayer.swift in Sources */ = {isa = PBXBuildFile; fileRef = BB15E1E12C8E9435002ECFB9 /* ResizableLayer.swift */; };
		BB15E1E42C8E9435002ECFB9 /* FluidGradientView.swift in Sources */ = {isa = PBXBuildFile; fileRef = BB15E1E02C8E9435002ECFB9 /* FluidGradientView.swift */; };
		BB15E1E52C8E9435002ECFB9 /* BlobLayer.swift in Sources */ = {isa = PBXBuildFile; fileRef = BB15E1DE2C8E9435002ECFB9 /* BlobLayer.swift */; };
		BB15E1E82C8F8C9C002ECFB9 /* ScreenRecordWarningView.swift in Sources */ = {isa = PBXBuildFile; fileRef = BB15E1E72C8F8C93002ECFB9 /* ScreenRecordWarningView.swift */; };
		BB15E1EA2C8F8DB4002ECFB9 /* HelpSettingsView.swift in Sources */ = {isa = PBXBuildFile; fileRef = BB15E1E92C8F8DB1002ECFB9 /* HelpSettingsView.swift */; };
		BB15E1EF2C8FB70C002ECFB9 /* Glur in Frameworks */ = {isa = PBXBuildFile; productRef = BB15E1EE2C8FB70C002ECFB9 /* Glur */; };
		BB15E1F12C8FBCD4002ECFB9 /* BugAndFeatureReporting.swift in Sources */ = {isa = PBXBuildFile; fileRef = BB15E1F02C8FBCCD002ECFB9 /* BugAndFeatureReporting.swift */; };
		BB15E1F52C8FBEAB002ECFB9 /* DonationView.swift in Sources */ = {isa = PBXBuildFile; fileRef = BB15E1F42C8FBEA4002ECFB9 /* DonationView.swift */; };
		BB15E1F72C8FC05A002ECFB9 /* UniformCardView.swift in Sources */ = {isa = PBXBuildFile; fileRef = BB15E1F62C8FC056002ECFB9 /* UniformCardView.swift */; };
		BB1865542DD57E18000F34AD /* BaseSettingsView.swift in Sources */ = {isa = PBXBuildFile; fileRef = BB1865532DD57E18000F34AD /* BaseSettingsView.swift */; };
		BB1865562DD57F1E000F34AD /* SupportSettingsView.swift in Sources */ = {isa = PBXBuildFile; fileRef = BB1865552DD57F1E000F34AD /* SupportSettingsView.swift */; };
		BB1A85F52D05263C00326297 /* FiltersSettingsView.swift in Sources */ = {isa = PBXBuildFile; fileRef = BB1A85F42D05263C00326297 /* FiltersSettingsView.swift */; };
		BB1A85F72D08E53000326297 /* DragPreviewCoordinator.swift in Sources */ = {isa = PBXBuildFile; fileRef = BB1A85F62D08E52A00326297 /* DragPreviewCoordinator.swift */; };
		BB1CBD582C1BA800003969BC /* MainSettingsView.swift in Sources */ = {isa = PBXBuildFile; fileRef = BB1CBD572C1BA800003969BC /* MainSettingsView.swift */; };
		BB1CBD5B2C1BA8DC003969BC /* Defaults in Frameworks */ = {isa = PBXBuildFile; productRef = BB1CBD5A2C1BA8DC003969BC /* Defaults */; };
		BB1CBD5D2C1BCA4F003969BC /* Misc Utils.swift in Sources */ = {isa = PBXBuildFile; fileRef = BB1CBD5C2C1BCA4F003969BC /* Misc Utils.swift */; };
		BB1F60E52D238A9800808E05 /* CGSize.swift in Sources */ = {isa = PBXBuildFile; fileRef = BB1F60E42D238A9700808E05 /* CGSize.swift */; };
		BB22D7152DF9E24500EBBCA6 /* GlintPlaceholderModifier.swift in Sources */ = {isa = PBXBuildFile; fileRef = BB22D7142DF9E24500EBBCA6 /* GlintPlaceholderModifier.swift */; };
		BB2567C62C10C5F000C0C93E /* DockUtils.swift in Sources */ = {isa = PBXBuildFile; fileRef = BB2567C52C10C5F000C0C93E /* DockUtils.swift */; };
		BB2CBB092C481295004502C5 /* SpaceWindowCacheManager.swift in Sources */ = {isa = PBXBuildFile; fileRef = BB2CBB082C48128D004502C5 /* SpaceWindowCacheManager.swift */; };
		BB33E68C2C24C72F00A21D69 /* LaunchAtLogin in Frameworks */ = {isa = PBXBuildFile; productRef = BB33E68B2C24C72F00A21D69 /* LaunchAtLogin */; };
		BB377C342DFD0D3700FA93DA /* PinnableView.swift in Sources */ = {isa = PBXBuildFile; fileRef = BB377C332DFD0D3700FA93DA /* PinnableView.swift */; };
		BB377C3F2DFD19ED00FA93DA /* PinnedWindowDelegate.swift in Sources */ = {isa = PBXBuildFile; fileRef = BB377C3E2DFD19ED00FA93DA /* PinnedWindowDelegate.swift */; };
		BB377C492DFD434300FA93DA /* GlobalPadding.swift in Sources */ = {isa = PBXBuildFile; fileRef = BB377C482DFD434300FA93DA /* GlobalPadding.swift */; };
		BB3967FD2C291D5A004F1AB6 /* StackedShadow.swift in Sources */ = {isa = PBXBuildFile; fileRef = BB3967FC2C291D5A004F1AB6 /* StackedShadow.swift */; };
		BB3968002C2A6C44004F1AB6 /* SmoothGradient in Frameworks */ = {isa = PBXBuildFile; productRef = BB3967FF2C2A6C44004F1AB6 /* SmoothGradient */; };
		BB3968022C2A6CC2004F1AB6 /* Marquee.swift in Sources */ = {isa = PBXBuildFile; fileRef = BB3968012C2A6CC2004F1AB6 /* Marquee.swift */; };
		BB3D6EAE2C82E4B400FFE584 /* WindowDismissalContainer.swift in Sources */ = {isa = PBXBuildFile; fileRef = BB3D6EAD2C82E4AE00FFE584 /* WindowDismissalContainer.swift */; };
		BB3D6EB02C84E58400FFE584 /* NSScreen.swift in Sources */ = {isa = PBXBuildFile; fileRef = BB3D6EAF2C84E58000FFE584 /* NSScreen.swift */; };
		BB44474F2C507F950047EB92 /* LimitedTaskGroup.swift in Sources */ = {isa = PBXBuildFile; fileRef = BB44474E2C507F920047EB92 /* LimitedTaskGroup.swift */; };
		BB4B444B2C372A4E006680DC /* WindowPreview.swift in Sources */ = {isa = PBXBuildFile; fileRef = BB4B444A2C372A4C006680DC /* WindowPreview.swift */; };
		BB4ED9072C3C75CA00BBDD16 /* Localizable.xcstrings in Resources */ = {isa = PBXBuildFile; fileRef = BB4ED9062C3C75CA00BBDD16 /* Localizable.xcstrings */; };
		BB4ED9092C3CD97400BBDD16 /* Traffic Light Buttons.swift in Sources */ = {isa = PBXBuildFile; fileRef = BB4ED9082C3CD96D00BBDD16 /* Traffic Light Buttons.swift */; };
		BB5059322E0386B500BDD731 /* AudioOutputDevice.swift in Sources */ = {isa = PBXBuildFile; fileRef = BB5059312E0386B500BDD731 /* AudioOutputDevice.swift */; };
		BB52EDF02C5BEFE3006A64A4 /* HiddenModifier.swift in Sources */ = {isa = PBXBuildFile; fileRef = BB52EDEF2C5BEFE3006A64A4 /* HiddenModifier.swift */; };
		BB6021D22D1E613800D47C86 /* Window Image Sizing Calculations.swift in Sources */ = {isa = PBXBuildFile; fileRef = BB6021D12D1E613100D47C86 /* Window Image Sizing Calculations.swift */; };
		BB638EFA2E0216DA0010077D /* MediaControlsEmbeddedView.swift in Sources */ = {isa = PBXBuildFile; fileRef = BB638EF92E0216DA0010077D /* MediaControlsEmbeddedView.swift */; };
		BB638EFC2E0216DE0010077D /* MediaControlsFullView.swift in Sources */ = {isa = PBXBuildFile; fileRef = BB638EFB2E0216DE0010077D /* MediaControlsFullView.swift */; };
		BB638F002E0216FA0010077D /* MediaArtworkView.swift in Sources */ = {isa = PBXBuildFile; fileRef = BB638EFF2E0216FA0010077D /* MediaArtworkView.swift */; };
		BB638F022E0216FE0010077D /* MediaControlButton.swift in Sources */ = {isa = PBXBuildFile; fileRef = BB638F012E0216FE0010077D /* MediaControlButton.swift */; };
		BB638F042E0217030010077D /* MediaControlButtonRow.swift in Sources */ = {isa = PBXBuildFile; fileRef = BB638F032E0217030010077D /* MediaControlButtonRow.swift */; };
		BB638F062E02170B0010077D /* MediaProgressBar.swift in Sources */ = {isa = PBXBuildFile; fileRef = BB638F052E02170B0010077D /* MediaProgressBar.swift */; };
		BB638F082E0217250010077D /* MediaPlaybackControls.swift in Sources */ = {isa = PBXBuildFile; fileRef = BB638F072E0217250010077D /* MediaPlaybackControls.swift */; };
		BB638F0A2E02172B0010077D /* MediaLyricsButton.swift in Sources */ = {isa = PBXBuildFile; fileRef = BB638F092E02172B0010077D /* MediaLyricsButton.swift */; };
		BB638F0C2E0217480010077D /* MediaLyricsView.swift in Sources */ = {isa = PBXBuildFile; fileRef = BB638F0B2E0217480010077D /* MediaLyricsView.swift */; };
		BB638F0F2E02175C0010077D /* MediaControlsSkeleton.swift in Sources */ = {isa = PBXBuildFile; fileRef = BB638F0E2E02175C0010077D /* MediaControlsSkeleton.swift */; };
		BB638F142E0218BB0010077D /* SharedHoverAppTitle.swift in Sources */ = {isa = PBXBuildFile; fileRef = BB638F132E0218BB0010077D /* SharedHoverAppTitle.swift */; };
		BB638F162E0218C00010077D /* SharedHoverUtils.swift in Sources */ = {isa = PBXBuildFile; fileRef = BB638F152E0218C00010077D /* SharedHoverUtils.swift */; };
		BB638F182E0218C90010077D /* CalendarView.swift in Sources */ = {isa = PBXBuildFile; fileRef = BB638F172E0218C90010077D /* CalendarView.swift */; };
		BB638F1A2E0218CD0010077D /* CalendarEmbeddedView.swift in Sources */ = {isa = PBXBuildFile; fileRef = BB638F192E0218CD0010077D /* CalendarEmbeddedView.swift */; };
		BB638F1C2E0218D10010077D /* CalendarFullView.swift in Sources */ = {isa = PBXBuildFile; fileRef = BB638F1B2E0218D10010077D /* CalendarFullView.swift */; };
		BB638F1E2E0218EC0010077D /* CalendarContentView.swift in Sources */ = {isa = PBXBuildFile; fileRef = BB638F1D2E0218EC0010077D /* CalendarContentView.swift */; };
		BB638F202E0218F00010077D /* CalendarEventRow.swift in Sources */ = {isa = PBXBuildFile; fileRef = BB638F1F2E0218F00010077D /* CalendarEventRow.swift */; };
		BB638F222E0218F40010077D /* CalendarSkeleton.swift in Sources */ = {isa = PBXBuildFile; fileRef = BB638F212E0218F40010077D /* CalendarSkeleton.swift */; };
		BB638F242E0218F80010077D /* CalendarEmptyState.swift in Sources */ = {isa = PBXBuildFile; fileRef = BB638F232E0218F80010077D /* CalendarEmptyState.swift */; };
		BB638F262E0218FE0010077D /* CalendarPermissionView.swift in Sources */ = {isa = PBXBuildFile; fileRef = BB638F252E0218FE0010077D /* CalendarPermissionView.swift */; };
		BB6A4F1C2C1CFCFF00CB4C9E /* PermissionsSettingsView.swift in Sources */ = {isa = PBXBuildFile; fileRef = BB6A4F1B2C1CFCFF00CB4C9E /* PermissionsSettingsView.swift */; };
		BB6D81962DF75CA100DB64E4 /* SimpleProgressBar.swift in Sources */ = {isa = PBXBuildFile; fileRef = BB6D81952DF75CA100DB64E4 /* SimpleProgressBar.swift */; };
		BB7CA33D2C31F1B00012E303 /* WindowManipulationObservers.swift in Sources */ = {isa = PBXBuildFile; fileRef = BB7CA33C2C31F1B00012E303 /* WindowManipulationObservers.swift */; };
		BB90A5ED2DFA13E000857722 /* CalendarInfo.swift in Sources */ = {isa = PBXBuildFile; fileRef = BB90A5EC2DFA13E000857722 /* CalendarInfo.swift */; };
		BB918BB52CF7613400931236 /* CGRect.swift in Sources */ = {isa = PBXBuildFile; fileRef = BB918BB42CF7613200931236 /* CGRect.swift */; };
		BBA153F62C115DDA00119C02 /* AppDelegate.swift in Sources */ = {isa = PBXBuildFile; fileRef = BBA153F52C115DDA00119C02 /* AppDelegate.swift */; };
		BBA153F82C11604400119C02 /* SharedPreviewWindowCoordinator.swift in Sources */ = {isa = PBXBuildFile; fileRef = BBA153F72C11604400119C02 /* SharedPreviewWindowCoordinator.swift */; };
		BBA153FA2C11FFD500119C02 /* consts.swift in Sources */ = {isa = PBXBuildFile; fileRef = BBA153F92C11FFD500119C02 /* consts.swift */; };
		BBA153FC2C12356100119C02 /* main.swift in Sources */ = {isa = PBXBuildFile; fileRef = BBA153FB2C12356100119C02 /* main.swift */; };
		BBAC6B452D15FA8900A0F370 /* AXValue.swift in Sources */ = {isa = PBXBuildFile; fileRef = BBAC6B442D15FA8800A0F370 /* AXValue.swift */; };
		BBB6C5302DF3C884009E93C4 /* MediaInfo.swift in Sources */ = {isa = PBXBuildFile; fileRef = BBB6C52F2DF3C884009E93C4 /* MediaInfo.swift */; };
		BBB6C5322DF3C8A4009E93C4 /* MediaControlsView.swift in Sources */ = {isa = PBXBuildFile; fileRef = BBB6C5312DF3C8A4009E93C4 /* MediaControlsView.swift */; };
		BBB6C5342DF3C8B4009E93C4 /* BaseHoverContainer.swift in Sources */ = {isa = PBXBuildFile; fileRef = BBB6C5332DF3C8B4009E93C4 /* BaseHoverContainer.swift */; };
		BBB6C5372DF738E4009E93C4 /* Color.swift in Sources */ = {isa = PBXBuildFile; fileRef = BBB6C5362DF738E3009E93C4 /* Color.swift */; };
		BBBAA15B2DE6998B00FF8F8F /* UpdaterState.swift in Sources */ = {isa = PBXBuildFile; fileRef = BBBAA15A2DE6998B00FF8F8F /* UpdaterState.swift */; };
		BBBD4AF52C8D671C0074FFCF /* NSImage.swift in Sources */ = {isa = PBXBuildFile; fileRef = BBBD4AF42C8D671A0074FFCF /* NSImage.swift */; };
		BBBD4AF82C8D71560074FFCF /* ConfettiSwiftUI in Frameworks */ = {isa = PBXBuildFile; productRef = BBBD4AF72C8D71560074FFCF /* ConfettiSwiftUI */; };
		BBCFAE402C266234002E1516 /* FirstTimeView.swift in Sources */ = {isa = PBXBuildFile; fileRef = BBCFAE3F2C266234002E1516 /* FirstTimeView.swift */; };
		BBE033CC2DD92061006417B0 /* CGimage.swift in Sources */ = {isa = PBXBuildFile; fileRef = BBE033CB2DD92061006417B0 /* CGimage.swift */; };
		BBE153BE2D2126D000CD3D4A /* MaterialPill.swift in Sources */ = {isa = PBXBuildFile; fileRef = BBE153BD2D2126C000CD3D4A /* MaterialPill.swift */; };
		BBE153C02D21FA2700CD3D4A /* StyledGroupBox.swift in Sources */ = {isa = PBXBuildFile; fileRef = BBE153BF2D21FA2300CD3D4A /* StyledGroupBox.swift */; };
		BBE153C22D22024F00CD3D4A /* View.swift in Sources */ = {isa = PBXBuildFile; fileRef = BBE153C12D22024E00CD3D4A /* View.swift */; };
		BBE63DFF2DEA583C0079D2B9 /* PreviewStateCoordinator.swift in Sources */ = {isa = PBXBuildFile; fileRef = BBE63DFE2DEA58040079D2B9 /* PreviewStateCoordinator.swift */; };
		BBE692192D17AD9E0093B4A5 /* DangerButton.swift in Sources */ = {isa = PBXBuildFile; fileRef = BBE692182D17AD9C0093B4A5 /* DangerButton.swift */; };
		BBE7CC8F2C22421900AB8F4D /* Settings in Frameworks */ = {isa = PBXBuildFile; productRef = BBE7CC8E2C22421900AB8F4D /* Settings */; };
		BBE7CC912C22429A00AB8F4D /* settings.swift in Sources */ = {isa = PBXBuildFile; fileRef = BBE7CC902C22429A00AB8F4D /* settings.swift */; };
		BBF383972C94A26200B39A23 /* sliderSetting.swift in Sources */ = {isa = PBXBuildFile; fileRef = BBF383962C94A25B00B39A23 /* sliderSetting.swift */; };
		BBF413922C40618D00AA6733 /* FullSizePreviewView.swift in Sources */ = {isa = PBXBuildFile; fileRef = BBF413912C40618800AA6733 /* FullSizePreviewView.swift */; };
		BBF413942C40978400AA6733 /* WindowPreviewHoverContainer.swift in Sources */ = {isa = PBXBuildFile; fileRef = BBF413932C40977F00AA6733 /* WindowPreviewHoverContainer.swift */; };
		BBF4139A2C40A64A00AA6733 /* CustomizableFluidGradient.swift in Sources */ = {isa = PBXBuildFile; fileRef = BBF413992C40A64000AA6733 /* CustomizableFluidGradient.swift */; };
		BBF6C6242C1B4B4400BF1D40 /* KeybindHelper.swift in Sources */ = {isa = PBXBuildFile; fileRef = BBF6C6232C1B4B4400BF1D40 /* KeybindHelper.swift */; };
		BBFAD73A2C287A9C0092F5F1 /* Sparkle in Frameworks */ = {isa = PBXBuildFile; productRef = BBFAD7392C287A9C0092F5F1 /* Sparkle */; };
		BBFAD73C2C287C770092F5F1 /* UpdateSettingsView.swift in Sources */ = {isa = PBXBuildFile; fileRef = BBFAD73B2C287C770092F5F1 /* UpdateSettingsView.swift */; };
		C119BDF22C2AFA7600E06E18 /* WindowSwitcherSettingsView.swift in Sources */ = {isa = PBXBuildFile; fileRef = C119BDF12C2AFA7600E06E18 /* WindowSwitcherSettingsView.swift */; };
/* End PBXBuildFile section */

/* Begin PBXFileReference section */
		0531F8D12C3CC04600327808 /* AppearanceSettingsView.swift */ = {isa = PBXFileReference; lastKnownFileType = sourcecode.swift; path = AppearanceSettingsView.swift; sourceTree = "<group>"; };
		0596C2C22C3E060D00DCABEF /* PrivateApis.swift */ = {isa = PBXFileReference; lastKnownFileType = sourcecode.swift; path = PrivateApis.swift; sourceTree = "<group>"; };
		05C0C7172C60629C000ADAC6 /* AXUIElement.swift */ = {isa = PBXFileReference; lastKnownFileType = sourcecode.swift; path = AXUIElement.swift; sourceTree = "<group>"; };
		27DC8C152CFA4DA7005F8F31 /* NumberFormatter+Convenience.swift */ = {isa = PBXFileReference; lastKnownFileType = sourcecode.swift; path = "NumberFormatter+Convenience.swift"; sourceTree = "<group>"; };
		3A105FD52C1BED660015EC66 /* BlurView.swift */ = {isa = PBXFileReference; lastKnownFileType = sourcecode.swift; path = BlurView.swift; sourceTree = "<group>"; };
		3A105FD82C1C049E0015EC66 /* dockStyle.swift */ = {isa = PBXFileReference; lastKnownFileType = sourcecode.swift; path = dockStyle.swift; sourceTree = "<group>"; };
		3A105FDC2C1C0EE20015EC66 /* DynStack.swift */ = {isa = PBXFileReference; lastKnownFileType = sourcecode.swift; path = DynStack.swift; sourceTree = "<group>"; };
		3A1622972C8BF71000D318EE /* SwiftUIWindow.swift */ = {isa = PBXFileReference; lastKnownFileType = sourcecode.swift; path = SwiftUIWindow.swift; sourceTree = "<group>"; };
		3A1622AC2C8C06F600D318EE /* mouse-up.mp3 */ = {isa = PBXFileReference; lastKnownFileType = audio.mp3; path = "mouse-up.mp3"; sourceTree = "<group>"; };
		3A1622B02C8C090C00D318EE /* mouse-down.mp3 */ = {isa = PBXFileReference; lastKnownFileType = audio.mp3; path = "mouse-down.mp3"; sourceTree = "<group>"; };
		3A1622B42C8C09A700D318EE /* AccentButton.swift */ = {isa = PBXFileReference; lastKnownFileType = sourcecode.swift; path = AccentButton.swift; sourceTree = "<group>"; };
		3A1622B92C8C0FF100D318EE /* NoBtnStyle.swift */ = {isa = PBXFileReference; lastKnownFileType = sourcecode.swift; path = NoBtnStyle.swift; sourceTree = "<group>"; };
		3A1622BB2C8C1B8600D318EE /* FirstTimeViewAppIcon.swift */ = {isa = PBXFileReference; lastKnownFileType = sourcecode.swift; path = FirstTimeViewAppIcon.swift; sourceTree = "<group>"; };
		3A1622BD2C8C218400D318EE /* FirstTimeViewInstructionsView.swift */ = {isa = PBXFileReference; lastKnownFileType = sourcecode.swift; path = FirstTimeViewInstructionsView.swift; sourceTree = "<group>"; };
		3A1622C02C8D57AF00D318EE /* PermissionsChecker.swift */ = {isa = PBXFileReference; lastKnownFileType = sourcecode.swift; path = PermissionsChecker.swift; sourceTree = "<group>"; };
		3A1622C22C8D586900D318EE /* PermissionsView.swift */ = {isa = PBXFileReference; lastKnownFileType = sourcecode.swift; path = PermissionsView.swift; sourceTree = "<group>"; };
		3A1622C62C8D5A5C00D318EE /* EnabledActionRowView.swift */ = {isa = PBXFileReference; lastKnownFileType = sourcecode.swift; path = EnabledActionRowView.swift; sourceTree = "<group>"; };
		3A1622C92C8D5E4600D318EE /* FirstTimeIntroTabView.swift */ = {isa = PBXFileReference; lastKnownFileType = sourcecode.swift; path = FirstTimeIntroTabView.swift; sourceTree = "<group>"; };
		3A1622CB2C8D5F5B00D318EE /* FirstTimePermissionsTabView.swift */ = {isa = PBXFileReference; lastKnownFileType = sourcecode.swift; path = FirstTimePermissionsTabView.swift; sourceTree = "<group>"; };
		3A1622CD2C8D5F8500D318EE /* FirstTimeCongratsTabView.swift */ = {isa = PBXFileReference; lastKnownFileType = sourcecode.swift; path = FirstTimeCongratsTabView.swift; sourceTree = "<group>"; };
		3A1622CF2C8D691700D318EE /* SquiggleDivider.swift */ = {isa = PBXFileReference; lastKnownFileType = sourcecode.swift; path = SquiggleDivider.swift; sourceTree = "<group>"; };
		BB0036CF2D24AAD10072C61E /* CGPoint.swift */ = {isa = PBXFileReference; lastKnownFileType = sourcecode.swift; path = CGPoint.swift; sourceTree = "<group>"; };
		BB04405A2C77A011009F1D33 /* GradientColorPaletteSettings.swift */ = {isa = PBXFileReference; lastKnownFileType = sourcecode.swift; path = GradientColorPaletteSettings.swift; sourceTree = "<group>"; };
		BB04405D2C77A87E009F1D33 /* PreferencesProtocol.swift */ = {isa = PBXFileReference; lastKnownFileType = sourcecode.swift; path = PreferencesProtocol.swift; sourceTree = "<group>"; };
		BB04405F2C77AD27009F1D33 /* CodableColor.swift */ = {isa = PBXFileReference; lastKnownFileType = sourcecode.swift; path = CodableColor.swift; sourceTree = "<group>"; };
		BB0440612C77AE85009F1D33 /* GradientColorPaletteSettingsView.swift */ = {isa = PBXFileReference; lastKnownFileType = sourcecode.swift; path = GradientColorPaletteSettingsView.swift; sourceTree = "<group>"; };
		BB0CBE392DD8179200D55437 /* MouseEventModifier.swift */ = {isa = PBXFileReference; lastKnownFileType = sourcecode.swift; path = MouseEventModifier.swift; sourceTree = "<group>"; };
		BB157B652C0E31CE00997315 /* DockDoor.app */ = {isa = PBXFileReference; explicitFileType = wrapper.application; includeInIndex = 0; path = DockDoor.app; sourceTree = BUILT_PRODUCTS_DIR; };
		BB157B6C2C0E31CF00997315 /* Assets.xcassets */ = {isa = PBXFileReference; lastKnownFileType = folder.assetcatalog; path = Assets.xcassets; sourceTree = "<group>"; };
		BB157B6F2C0E31CF00997315 /* Preview Assets.xcassets */ = {isa = PBXFileReference; lastKnownFileType = folder.assetcatalog; path = "Preview Assets.xcassets"; sourceTree = "<group>"; };
		BB157B712C0E31CF00997315 /* DockDoor.entitlements */ = {isa = PBXFileReference; lastKnownFileType = text.plist.entitlements; path = DockDoor.entitlements; sourceTree = "<group>"; };
		BB157B782C0E330100997315 /* WindowUtil.swift */ = {isa = PBXFileReference; lastKnownFileType = sourcecode.swift; path = WindowUtil.swift; sourceTree = "<group>"; };
		BB157B7A2C0E343000997315 /* SystemPreferencesHelper.swift */ = {isa = PBXFileReference; lastKnownFileType = sourcecode.swift; path = SystemPreferencesHelper.swift; sourceTree = "<group>"; };
		BB157B7F2C0E8E6700997315 /* MessageUtil.swift */ = {isa = PBXFileReference; lastKnownFileType = sourcecode.swift; path = MessageUtil.swift; sourceTree = "<group>"; };
		BB157B812C0EB29E00997315 /* DockObserver.swift */ = {isa = PBXFileReference; lastKnownFileType = sourcecode.swift; path = DockObserver.swift; sourceTree = "<group>"; };
		BB15E1DE2C8E9435002ECFB9 /* BlobLayer.swift */ = {isa = PBXFileReference; lastKnownFileType = sourcecode.swift; path = BlobLayer.swift; sourceTree = "<group>"; };
		BB15E1DF2C8E9435002ECFB9 /* FluidGradient.swift */ = {isa = PBXFileReference; lastKnownFileType = sourcecode.swift; path = FluidGradient.swift; sourceTree = "<group>"; };
		BB15E1E02C8E9435002ECFB9 /* FluidGradientView.swift */ = {isa = PBXFileReference; lastKnownFileType = sourcecode.swift; path = FluidGradientView.swift; sourceTree = "<group>"; };
		BB15E1E12C8E9435002ECFB9 /* ResizableLayer.swift */ = {isa = PBXFileReference; lastKnownFileType = sourcecode.swift; path = ResizableLayer.swift; sourceTree = "<group>"; };
		BB15E1E72C8F8C93002ECFB9 /* ScreenRecordWarningView.swift */ = {isa = PBXFileReference; lastKnownFileType = sourcecode.swift; path = ScreenRecordWarningView.swift; sourceTree = "<group>"; };
		BB15E1E92C8F8DB1002ECFB9 /* HelpSettingsView.swift */ = {isa = PBXFileReference; lastKnownFileType = sourcecode.swift; path = HelpSettingsView.swift; sourceTree = "<group>"; };
		BB15E1F02C8FBCCD002ECFB9 /* BugAndFeatureReporting.swift */ = {isa = PBXFileReference; lastKnownFileType = sourcecode.swift; path = BugAndFeatureReporting.swift; sourceTree = "<group>"; };
		BB15E1F42C8FBEA4002ECFB9 /* DonationView.swift */ = {isa = PBXFileReference; lastKnownFileType = sourcecode.swift; path = DonationView.swift; sourceTree = "<group>"; };
		BB15E1F62C8FC056002ECFB9 /* UniformCardView.swift */ = {isa = PBXFileReference; lastKnownFileType = sourcecode.swift; path = UniformCardView.swift; sourceTree = "<group>"; };
		BB1865532DD57E18000F34AD /* BaseSettingsView.swift */ = {isa = PBXFileReference; lastKnownFileType = sourcecode.swift; path = BaseSettingsView.swift; sourceTree = "<group>"; };
		BB1865552DD57F1E000F34AD /* SupportSettingsView.swift */ = {isa = PBXFileReference; lastKnownFileType = sourcecode.swift; path = SupportSettingsView.swift; sourceTree = "<group>"; };
		BB1A85F42D05263C00326297 /* FiltersSettingsView.swift */ = {isa = PBXFileReference; lastKnownFileType = sourcecode.swift; path = FiltersSettingsView.swift; sourceTree = "<group>"; };
		BB1A85F62D08E52A00326297 /* DragPreviewCoordinator.swift */ = {isa = PBXFileReference; lastKnownFileType = sourcecode.swift; path = DragPreviewCoordinator.swift; sourceTree = "<group>"; };
		BB1CBD572C1BA800003969BC /* MainSettingsView.swift */ = {isa = PBXFileReference; lastKnownFileType = sourcecode.swift; path = MainSettingsView.swift; sourceTree = "<group>"; };
		BB1CBD5C2C1BCA4F003969BC /* Misc Utils.swift */ = {isa = PBXFileReference; lastKnownFileType = sourcecode.swift; path = "Misc Utils.swift"; sourceTree = "<group>"; };
		BB1F60E42D238A9700808E05 /* CGSize.swift */ = {isa = PBXFileReference; lastKnownFileType = sourcecode.swift; path = CGSize.swift; sourceTree = "<group>"; };
		BB22D7142DF9E24500EBBCA6 /* GlintPlaceholderModifier.swift */ = {isa = PBXFileReference; lastKnownFileType = sourcecode.swift; path = GlintPlaceholderModifier.swift; sourceTree = "<group>"; };
		BB2567C52C10C5F000C0C93E /* DockUtils.swift */ = {isa = PBXFileReference; fileEncoding = 4; lastKnownFileType = sourcecode.swift; path = DockUtils.swift; sourceTree = "<group>"; };
		BB2CBB082C48128D004502C5 /* SpaceWindowCacheManager.swift */ = {isa = PBXFileReference; lastKnownFileType = sourcecode.swift; path = SpaceWindowCacheManager.swift; sourceTree = "<group>"; };
		BB377C332DFD0D3700FA93DA /* PinnableView.swift */ = {isa = PBXFileReference; lastKnownFileType = sourcecode.swift; path = PinnableView.swift; sourceTree = "<group>"; };
		BB377C3E2DFD19ED00FA93DA /* PinnedWindowDelegate.swift */ = {isa = PBXFileReference; lastKnownFileType = sourcecode.swift; path = PinnedWindowDelegate.swift; sourceTree = "<group>"; };
		BB377C482DFD434300FA93DA /* GlobalPadding.swift */ = {isa = PBXFileReference; lastKnownFileType = sourcecode.swift; path = GlobalPadding.swift; sourceTree = "<group>"; };
		BB3967FC2C291D5A004F1AB6 /* StackedShadow.swift */ = {isa = PBXFileReference; lastKnownFileType = sourcecode.swift; path = StackedShadow.swift; sourceTree = "<group>"; };
		BB3968012C2A6CC2004F1AB6 /* Marquee.swift */ = {isa = PBXFileReference; lastKnownFileType = sourcecode.swift; path = Marquee.swift; sourceTree = "<group>"; };
		BB3D6EAD2C82E4AE00FFE584 /* WindowDismissalContainer.swift */ = {isa = PBXFileReference; lastKnownFileType = sourcecode.swift; path = WindowDismissalContainer.swift; sourceTree = "<group>"; };
		BB3D6EAF2C84E58000FFE584 /* NSScreen.swift */ = {isa = PBXFileReference; lastKnownFileType = sourcecode.swift; path = NSScreen.swift; sourceTree = "<group>"; };
		BB44474E2C507F920047EB92 /* LimitedTaskGroup.swift */ = {isa = PBXFileReference; lastKnownFileType = sourcecode.swift; path = LimitedTaskGroup.swift; sourceTree = "<group>"; };
		BB4B444A2C372A4C006680DC /* WindowPreview.swift */ = {isa = PBXFileReference; lastKnownFileType = sourcecode.swift; path = WindowPreview.swift; sourceTree = "<group>"; };
		BB4ED9062C3C75CA00BBDD16 /* Localizable.xcstrings */ = {isa = PBXFileReference; lastKnownFileType = text.json.xcstrings; path = Localizable.xcstrings; sourceTree = "<group>"; };
		BB4ED9082C3CD96D00BBDD16 /* Traffic Light Buttons.swift */ = {isa = PBXFileReference; lastKnownFileType = sourcecode.swift; path = "Traffic Light Buttons.swift"; sourceTree = "<group>"; };
		BB5059312E0386B500BDD731 /* AudioOutputDevice.swift */ = {isa = PBXFileReference; lastKnownFileType = sourcecode.swift; path = AudioOutputDevice.swift; sourceTree = "<group>"; };
		BB52EDEF2C5BEFE3006A64A4 /* HiddenModifier.swift */ = {isa = PBXFileReference; lastKnownFileType = sourcecode.swift; path = HiddenModifier.swift; sourceTree = "<group>"; };
		BB6021D12D1E613100D47C86 /* Window Image Sizing Calculations.swift */ = {isa = PBXFileReference; lastKnownFileType = sourcecode.swift; path = "Window Image Sizing Calculations.swift"; sourceTree = "<group>"; };
		BB638EF92E0216DA0010077D /* MediaControlsEmbeddedView.swift */ = {isa = PBXFileReference; lastKnownFileType = sourcecode.swift; path = MediaControlsEmbeddedView.swift; sourceTree = "<group>"; };
		BB638EFB2E0216DE0010077D /* MediaControlsFullView.swift */ = {isa = PBXFileReference; lastKnownFileType = sourcecode.swift; path = MediaControlsFullView.swift; sourceTree = "<group>"; };
		BB638EFF2E0216FA0010077D /* MediaArtworkView.swift */ = {isa = PBXFileReference; lastKnownFileType = sourcecode.swift; path = MediaArtworkView.swift; sourceTree = "<group>"; };
		BB638F012E0216FE0010077D /* MediaControlButton.swift */ = {isa = PBXFileReference; lastKnownFileType = sourcecode.swift; path = MediaControlButton.swift; sourceTree = "<group>"; };
		BB638F032E0217030010077D /* MediaControlButtonRow.swift */ = {isa = PBXFileReference; lastKnownFileType = sourcecode.swift; path = MediaControlButtonRow.swift; sourceTree = "<group>"; };
		BB638F052E02170B0010077D /* MediaProgressBar.swift */ = {isa = PBXFileReference; lastKnownFileType = sourcecode.swift; path = MediaProgressBar.swift; sourceTree = "<group>"; };
		BB638F072E0217250010077D /* MediaPlaybackControls.swift */ = {isa = PBXFileReference; lastKnownFileType = sourcecode.swift; path = MediaPlaybackControls.swift; sourceTree = "<group>"; };
		BB638F092E02172B0010077D /* MediaLyricsButton.swift */ = {isa = PBXFileReference; lastKnownFileType = sourcecode.swift; path = MediaLyricsButton.swift; sourceTree = "<group>"; };
		BB638F0B2E0217480010077D /* MediaLyricsView.swift */ = {isa = PBXFileReference; lastKnownFileType = sourcecode.swift; path = MediaLyricsView.swift; sourceTree = "<group>"; };
		BB638F0E2E02175C0010077D /* MediaControlsSkeleton.swift */ = {isa = PBXFileReference; lastKnownFileType = sourcecode.swift; path = MediaControlsSkeleton.swift; sourceTree = "<group>"; };
		BB638F132E0218BB0010077D /* SharedHoverAppTitle.swift */ = {isa = PBXFileReference; lastKnownFileType = sourcecode.swift; path = SharedHoverAppTitle.swift; sourceTree = "<group>"; };
		BB638F152E0218C00010077D /* SharedHoverUtils.swift */ = {isa = PBXFileReference; lastKnownFileType = sourcecode.swift; path = SharedHoverUtils.swift; sourceTree = "<group>"; };
		BB638F172E0218C90010077D /* CalendarView.swift */ = {isa = PBXFileReference; lastKnownFileType = sourcecode.swift; path = CalendarView.swift; sourceTree = "<group>"; };
		BB638F192E0218CD0010077D /* CalendarEmbeddedView.swift */ = {isa = PBXFileReference; lastKnownFileType = sourcecode.swift; path = CalendarEmbeddedView.swift; sourceTree = "<group>"; };
		BB638F1B2E0218D10010077D /* CalendarFullView.swift */ = {isa = PBXFileReference; lastKnownFileType = sourcecode.swift; path = CalendarFullView.swift; sourceTree = "<group>"; };
		BB638F1D2E0218EC0010077D /* CalendarContentView.swift */ = {isa = PBXFileReference; lastKnownFileType = sourcecode.swift; path = CalendarContentView.swift; sourceTree = "<group>"; };
		BB638F1F2E0218F00010077D /* CalendarEventRow.swift */ = {isa = PBXFileReference; lastKnownFileType = sourcecode.swift; path = CalendarEventRow.swift; sourceTree = "<group>"; };
		BB638F212E0218F40010077D /* CalendarSkeleton.swift */ = {isa = PBXFileReference; lastKnownFileType = sourcecode.swift; path = CalendarSkeleton.swift; sourceTree = "<group>"; };
		BB638F232E0218F80010077D /* CalendarEmptyState.swift */ = {isa = PBXFileReference; lastKnownFileType = sourcecode.swift; path = CalendarEmptyState.swift; sourceTree = "<group>"; };
		BB638F252E0218FE0010077D /* CalendarPermissionView.swift */ = {isa = PBXFileReference; lastKnownFileType = sourcecode.swift; path = CalendarPermissionView.swift; sourceTree = "<group>"; };
		BB6A4F1B2C1CFCFF00CB4C9E /* PermissionsSettingsView.swift */ = {isa = PBXFileReference; lastKnownFileType = sourcecode.swift; path = PermissionsSettingsView.swift; sourceTree = "<group>"; };
		BB6D81952DF75CA100DB64E4 /* SimpleProgressBar.swift */ = {isa = PBXFileReference; lastKnownFileType = sourcecode.swift; path = SimpleProgressBar.swift; sourceTree = "<group>"; };
		BB7CA33C2C31F1B00012E303 /* WindowManipulationObservers.swift */ = {isa = PBXFileReference; lastKnownFileType = sourcecode.swift; path = WindowManipulationObservers.swift; sourceTree = "<group>"; };
		BB8247782C2889B20098A440 /* Info.plist */ = {isa = PBXFileReference; lastKnownFileType = text.plist; path = Info.plist; sourceTree = "<group>"; };
		BB90A5EC2DFA13E000857722 /* CalendarInfo.swift */ = {isa = PBXFileReference; lastKnownFileType = sourcecode.swift; path = CalendarInfo.swift; sourceTree = "<group>"; };
		BB918BB42CF7613200931236 /* CGRect.swift */ = {isa = PBXFileReference; lastKnownFileType = sourcecode.swift; path = CGRect.swift; sourceTree = "<group>"; };
		BBA153F52C115DDA00119C02 /* AppDelegate.swift */ = {isa = PBXFileReference; fileEncoding = 4; lastKnownFileType = sourcecode.swift; path = AppDelegate.swift; sourceTree = "<group>"; };
		BBA153F72C11604400119C02 /* SharedPreviewWindowCoordinator.swift */ = {isa = PBXFileReference; lastKnownFileType = sourcecode.swift; path = SharedPreviewWindowCoordinator.swift; sourceTree = "<group>"; };
		BBA153F92C11FFD500119C02 /* consts.swift */ = {isa = PBXFileReference; lastKnownFileType = sourcecode.swift; path = consts.swift; sourceTree = "<group>"; };
		BBA153FB2C12356100119C02 /* main.swift */ = {isa = PBXFileReference; lastKnownFileType = sourcecode.swift; path = main.swift; sourceTree = "<group>"; };
		BBAC6B442D15FA8800A0F370 /* AXValue.swift */ = {isa = PBXFileReference; lastKnownFileType = sourcecode.swift; path = AXValue.swift; sourceTree = "<group>"; };
		BBB6C52F2DF3C884009E93C4 /* MediaInfo.swift */ = {isa = PBXFileReference; lastKnownFileType = sourcecode.swift; path = MediaInfo.swift; sourceTree = "<group>"; };
		BBB6C5312DF3C8A4009E93C4 /* MediaControlsView.swift */ = {isa = PBXFileReference; lastKnownFileType = sourcecode.swift; path = MediaControlsView.swift; sourceTree = "<group>"; };
		BBB6C5332DF3C8B4009E93C4 /* BaseHoverContainer.swift */ = {isa = PBXFileReference; lastKnownFileType = sourcecode.swift; path = BaseHoverContainer.swift; sourceTree = "<group>"; };
		BBB6C5362DF738E3009E93C4 /* Color.swift */ = {isa = PBXFileReference; lastKnownFileType = sourcecode.swift; path = Color.swift; sourceTree = "<group>"; };
		BBBAA15A2DE6998B00FF8F8F /* UpdaterState.swift */ = {isa = PBXFileReference; lastKnownFileType = sourcecode.swift; path = UpdaterState.swift; sourceTree = "<group>"; };
		BBBD4AF42C8D671A0074FFCF /* NSImage.swift */ = {isa = PBXFileReference; lastKnownFileType = sourcecode.swift; path = NSImage.swift; sourceTree = "<group>"; };
		BBCFAE3F2C266234002E1516 /* FirstTimeView.swift */ = {isa = PBXFileReference; lastKnownFileType = sourcecode.swift; path = FirstTimeView.swift; sourceTree = "<group>"; };
		BBE033CB2DD92061006417B0 /* CGimage.swift */ = {isa = PBXFileReference; lastKnownFileType = sourcecode.swift; path = CGimage.swift; sourceTree = "<group>"; };
		BBE153BD2D2126C000CD3D4A /* MaterialPill.swift */ = {isa = PBXFileReference; lastKnownFileType = sourcecode.swift; path = MaterialPill.swift; sourceTree = "<group>"; };
		BBE153BF2D21FA2300CD3D4A /* StyledGroupBox.swift */ = {isa = PBXFileReference; lastKnownFileType = sourcecode.swift; path = StyledGroupBox.swift; sourceTree = "<group>"; };
		BBE153C12D22024E00CD3D4A /* View.swift */ = {isa = PBXFileReference; lastKnownFileType = sourcecode.swift; path = View.swift; sourceTree = "<group>"; };
		BBE63DFE2DEA58040079D2B9 /* PreviewStateCoordinator.swift */ = {isa = PBXFileReference; lastKnownFileType = sourcecode.swift; path = PreviewStateCoordinator.swift; sourceTree = "<group>"; };
		BBE692182D17AD9C0093B4A5 /* DangerButton.swift */ = {isa = PBXFileReference; lastKnownFileType = sourcecode.swift; path = DangerButton.swift; sourceTree = "<group>"; };
		BBE7CC902C22429A00AB8F4D /* settings.swift */ = {isa = PBXFileReference; lastKnownFileType = sourcecode.swift; path = settings.swift; sourceTree = "<group>"; };
		BBF383962C94A25B00B39A23 /* sliderSetting.swift */ = {isa = PBXFileReference; lastKnownFileType = sourcecode.swift; path = sliderSetting.swift; sourceTree = "<group>"; };
		BBF413912C40618800AA6733 /* FullSizePreviewView.swift */ = {isa = PBXFileReference; lastKnownFileType = sourcecode.swift; path = FullSizePreviewView.swift; sourceTree = "<group>"; };
		BBF413932C40977F00AA6733 /* WindowPreviewHoverContainer.swift */ = {isa = PBXFileReference; lastKnownFileType = sourcecode.swift; path = WindowPreviewHoverContainer.swift; sourceTree = "<group>"; };
		BBF413992C40A64000AA6733 /* CustomizableFluidGradient.swift */ = {isa = PBXFileReference; lastKnownFileType = sourcecode.swift; path = CustomizableFluidGradient.swift; sourceTree = "<group>"; };
		BBF6C6232C1B4B4400BF1D40 /* KeybindHelper.swift */ = {isa = PBXFileReference; lastKnownFileType = sourcecode.swift; path = KeybindHelper.swift; sourceTree = "<group>"; };
		BBFAD73B2C287C770092F5F1 /* UpdateSettingsView.swift */ = {isa = PBXFileReference; lastKnownFileType = sourcecode.swift; path = UpdateSettingsView.swift; sourceTree = "<group>"; };
		C119BDF12C2AFA7600E06E18 /* WindowSwitcherSettingsView.swift */ = {isa = PBXFileReference; lastKnownFileType = sourcecode.swift; path = WindowSwitcherSettingsView.swift; sourceTree = "<group>"; };
/* End PBXFileReference section */

/* Begin PBXFrameworksBuildPhase section */
		BB157B622C0E31CE00997315 /* Frameworks */ = {
			isa = PBXFrameworksBuildPhase;
			buildActionMask = 2147483647;
			files = (
				BBBD4AF82C8D71560074FFCF /* ConfettiSwiftUI in Frameworks */,
				BB33E68C2C24C72F00A21D69 /* LaunchAtLogin in Frameworks */,
				BB96B5072E2FF87600B2D221 /* SwiftUIFlowLayout in Frameworks */,
				BB15E1EF2C8FB70C002ECFB9 /* Glur in Frameworks */,
				3A1622A32C8BFF3800D318EE /* Pow in Frameworks */,
				BBFAD73A2C287A9C0092F5F1 /* Sparkle in Frameworks */,
				BB3968002C2A6C44004F1AB6 /* SmoothGradient in Frameworks */,
				BB1CBD5B2C1BA8DC003969BC /* Defaults in Frameworks */,
				BBE7CC8F2C22421900AB8F4D /* Settings in Frameworks */,
				3A1622B82C8C0EE200D318EE /* Kroma in Frameworks */,
			);
			runOnlyForDeploymentPostprocessing = 0;
		};
/* End PBXFrameworksBuildPhase section */

/* Begin PBXGroup section */
		27DC8C162CFA4DA7005F8F31 /* Formatters */ = {
			isa = PBXGroup;
			children = (
				27DC8C152CFA4DA7005F8F31 /* NumberFormatter+Convenience.swift */,
			);
			path = Formatters;
			sourceTree = "<group>";
		};
		3A105FD42C1BED5B0015EC66 /* Components */ = {
			isa = PBXGroup;
			children = (
				BB22D7142DF9E24500EBBCA6 /* GlintPlaceholderModifier.swift */,
				BB6D81952DF75CA100DB64E4 /* SimpleProgressBar.swift */,
				3A105FD82C1C049E0015EC66 /* dockStyle.swift */,
				BBE153BD2D2126C000CD3D4A /* MaterialPill.swift */,
				BBE153BF2D21FA2300CD3D4A /* StyledGroupBox.swift */,
				BBE692182D17AD9C0093B4A5 /* DangerButton.swift */,
				3A1622C62C8D5A5C00D318EE /* EnabledActionRowView.swift */,
				BBF383962C94A25B00B39A23 /* sliderSetting.swift */,
				BB750D232C8E939A00245E3E /* FluidGradient */,
				3A1622BF2C8D579F00D318EE /* PermissionsView */,
				BB04405C2C77A878009F1D33 /* Defaults */,
				3A105FD52C1BED660015EC66 /* BlurView.swift */,
				3A105FDC2C1C0EE20015EC66 /* DynStack.swift */,
				BB3967FC2C291D5A004F1AB6 /* StackedShadow.swift */,
				BB3968012C2A6CC2004F1AB6 /* Marquee.swift */,
				BB52EDEF2C5BEFE3006A64A4 /* HiddenModifier.swift */,
				3A1622CF2C8D691700D318EE /* SquiggleDivider.swift */,
			);
			path = Components;
			sourceTree = "<group>";
		};
		3A105FD72C1BF11D0015EC66 /* Extensions */ = {
			isa = PBXGroup;
			children = (
				BB377C482DFD434300FA93DA /* GlobalPadding.swift */,
				BBB6C5362DF738E3009E93C4 /* Color.swift */,
				BBE033CB2DD92061006417B0 /* CGimage.swift */,
				BB0036D12D24AAE60072C61E /* CoreGraphics */,
				BBE153C12D22024E00CD3D4A /* View.swift */,
				BBAC6B442D15FA8800A0F370 /* AXValue.swift */,
				27DC8C162CFA4DA7005F8F31 /* Formatters */,
				BB3D6EAF2C84E58000FFE584 /* NSScreen.swift */,
				BBBD4AF42C8D671A0074FFCF /* NSImage.swift */,
				3A1622B32C8C099200D318EE /* Button Styles */,
				BB04405F2C77AD27009F1D33 /* CodableColor.swift */,
				05C0C7172C60629C000ADAC6 /* AXUIElement.swift */,
			);
			path = Extensions;
			sourceTree = "<group>";
		};
		3A1622992C8BFCE800D318EE /* Assets */ = {
			isa = PBXGroup;
			children = (
				3A16229A2C8BFCF100D318EE /* audios */,
			);
			path = Assets;
			sourceTree = "<group>";
		};
		3A16229A2C8BFCF100D318EE /* audios */ = {
			isa = PBXGroup;
			children = (
				3A1622B02C8C090C00D318EE /* mouse-down.mp3 */,
				3A1622AC2C8C06F600D318EE /* mouse-up.mp3 */,
			);
			path = audios;
			sourceTree = "<group>";
		};
		3A1622B32C8C099200D318EE /* Button Styles */ = {
			isa = PBXGroup;
			children = (
				3A1622B42C8C09A700D318EE /* AccentButton.swift */,
				3A1622B92C8C0FF100D318EE /* NoBtnStyle.swift */,
			);
			path = "Button Styles";
			sourceTree = "<group>";
		};
		3A1622BF2C8D579F00D318EE /* PermissionsView */ = {
			isa = PBXGroup;
			children = (
				3A1622C02C8D57AF00D318EE /* PermissionsChecker.swift */,
				3A1622C22C8D586900D318EE /* PermissionsView.swift */,
			);
			path = PermissionsView;
			sourceTree = "<group>";
		};
		3A1622C82C8D5E3800D318EE /* Tabs */ = {
			isa = PBXGroup;
			children = (
				3A1622C92C8D5E4600D318EE /* FirstTimeIntroTabView.swift */,
				3A1622CB2C8D5F5B00D318EE /* FirstTimePermissionsTabView.swift */,
				3A1622CD2C8D5F8500D318EE /* FirstTimeCongratsTabView.swift */,
			);
			path = Tabs;
			sourceTree = "<group>";
		};
		BB0036D12D24AAE60072C61E /* CoreGraphics */ = {
			isa = PBXGroup;
			children = (
				BB918BB42CF7613200931236 /* CGRect.swift */,
				BB1F60E42D238A9700808E05 /* CGSize.swift */,
				BB0036CF2D24AAD10072C61E /* CGPoint.swift */,
			);
			path = CoreGraphics;
			sourceTree = "<group>";
		};
		BB04405C2C77A878009F1D33 /* Defaults */ = {
			isa = PBXGroup;
			children = (
				BB04405D2C77A87E009F1D33 /* PreferencesProtocol.swift */,
				BB04405A2C77A011009F1D33 /* GradientColorPaletteSettings.swift */,
			);
			path = Defaults;
			sourceTree = "<group>";
		};
		BB157B5C2C0E31CE00997315 = {
			isa = PBXGroup;
			children = (
				BB157B672C0E31CE00997315 /* DockDoor */,
				BB157B662C0E31CE00997315 /* Products */,
			);
			sourceTree = "<group>";
		};
		BB157B662C0E31CE00997315 /* Products */ = {
			isa = PBXGroup;
			children = (
				BB157B652C0E31CE00997315 /* DockDoor.app */,
			);
			name = Products;
			sourceTree = "<group>";
		};
		BB157B672C0E31CE00997315 /* DockDoor */ = {
			isa = PBXGroup;
			children = (
				BB8247782C2889B20098A440 /* Info.plist */,
				BB4ED9062C3C75CA00BBDD16 /* Localizable.xcstrings */,
				BBA153F92C11FFD500119C02 /* consts.swift */,
				BBA153FB2C12356100119C02 /* main.swift */,
				BBA153F52C115DDA00119C02 /* AppDelegate.swift */,
				3A1622992C8BFCE800D318EE /* Assets */,
				3A105FD42C1BED5B0015EC66 /* Components */,
				3A105FD72C1BF11D0015EC66 /* Extensions */,
				BBA153FD2C12358600119C02 /* Views */,
				BBB6C52E2DF3C883009E93C4 /* Models */,
				BB157B772C0E32EF00997315 /* Utilities */,
				BB157B6C2C0E31CF00997315 /* Assets.xcassets */,
				BB157B712C0E31CF00997315 /* DockDoor.entitlements */,
				BB157B6E2C0E31CF00997315 /* Preview Content */,
			);
			path = DockDoor;
			sourceTree = "<group>";
		};
		BB157B6E2C0E31CF00997315 /* Preview Content */ = {
			isa = PBXGroup;
			children = (
				BB157B6F2C0E31CF00997315 /* Preview Assets.xcassets */,
			);
			path = "Preview Content";
			sourceTree = "<group>";
		};
		BB157B772C0E32EF00997315 /* Utilities */ = {
			isa = PBXGroup;
			children = (
				BBBAA15A2DE6998B00FF8F8F /* UpdaterState.swift */,
				BBAC6B412D15F71E00A0F370 /* Window Management */,
				BB44474E2C507F920047EB92 /* LimitedTaskGroup.swift */,
				0596C2C22C3E060D00DCABEF /* PrivateApis.swift */,
				BB2567C52C10C5F000C0C93E /* DockUtils.swift */,
				BB157B7A2C0E343000997315 /* SystemPreferencesHelper.swift */,
				BB157B7F2C0E8E6700997315 /* MessageUtil.swift */,
				BB157B812C0EB29E00997315 /* DockObserver.swift */,
				BBF6C6232C1B4B4400BF1D40 /* KeybindHelper.swift */,
				BB1CBD5C2C1BCA4F003969BC /* Misc Utils.swift */,
			);
			path = Utilities;
			sourceTree = "<group>";
		};
		BB15E1E62C8F8C8D002ECFB9 /* Help */ = {
			isa = PBXGroup;
			children = (
				BB1865532DD57E18000F34AD /* BaseSettingsView.swift */,
				BB15E1F62C8FC056002ECFB9 /* UniformCardView.swift */,
				BB15E1E92C8F8DB1002ECFB9 /* HelpSettingsView.swift */,
				BB15E1F42C8FBEA4002ECFB9 /* DonationView.swift */,
				BB15E1F02C8FBCCD002ECFB9 /* BugAndFeatureReporting.swift */,
				BB15E1E72C8F8C93002ECFB9 /* ScreenRecordWarningView.swift */,
			);
			path = Help;
			sourceTree = "<group>";
		};
		BB2461F22DFA17F900005C30 /* Special Hover Windows */ = {
			isa = PBXGroup;
			children = (
				BB638F0D2E0217560010077D /* Calendar */,
				BB638EF82E0216D00010077D /* Media */,
				BB377C3B2DFD194400FA93DA /* Pinnable */,
			);
			path = "Special Hover Windows";
			sourceTree = "<group>";
		};
		BB377C3B2DFD194400FA93DA /* Pinnable */ = {
			isa = PBXGroup;
			children = (
				BB377C3E2DFD19ED00FA93DA /* PinnedWindowDelegate.swift */,
				BB377C332DFD0D3700FA93DA /* PinnableView.swift */,
			);
			path = Pinnable;
			sourceTree = "<group>";
		};
		BB4B44492C372A42006680DC /* Hover Window */ = {
			isa = PBXGroup;
			children = (
				BB638F122E0218B10010077D /* Shared Components */,
				BB2461F22DFA17F900005C30 /* Special Hover Windows */,
				BB6021CE2D1E60C700D47C86 /* WindowPreview Supporting */,
				BBF413932C40977F00AA6733 /* WindowPreviewHoverContainer.swift */,
				BB4B444A2C372A4C006680DC /* WindowPreview.swift */,
			);
			path = "Hover Window";
			sourceTree = "<group>";
		};
		BB6021CE2D1E60C700D47C86 /* WindowPreview Supporting */ = {
			isa = PBXGroup;
			children = (
				BBE63DFE2DEA58040079D2B9 /* PreviewStateCoordinator.swift */,
				BB0CBE392DD8179200D55437 /* MouseEventModifier.swift */,
				BB3D6EAD2C82E4AE00FFE584 /* WindowDismissalContainer.swift */,
				BB6021D12D1E613100D47C86 /* Window Image Sizing Calculations.swift */,
			);
			path = "WindowPreview Supporting";
			sourceTree = "<group>";
		};
		BB638EF82E0216D00010077D /* Media */ = {
			isa = PBXGroup;
			children = (
				BB5059312E0386B500BDD731 /* AudioOutputDevice.swift */,
				BB638F0E2E02175C0010077D /* MediaControlsSkeleton.swift */,
				BB638F0B2E0217480010077D /* MediaLyricsView.swift */,
				BB638F092E02172B0010077D /* MediaLyricsButton.swift */,
				BB638F072E0217250010077D /* MediaPlaybackControls.swift */,
				BB638F052E02170B0010077D /* MediaProgressBar.swift */,
				BB638F032E0217030010077D /* MediaControlButtonRow.swift */,
				BB638F012E0216FE0010077D /* MediaControlButton.swift */,
				BB638EFF2E0216FA0010077D /* MediaArtworkView.swift */,
				BB638EFB2E0216DE0010077D /* MediaControlsFullView.swift */,
				BB638EF92E0216DA0010077D /* MediaControlsEmbeddedView.swift */,
				BBB6C5312DF3C8A4009E93C4 /* MediaControlsView.swift */,
			);
			path = Media;
			sourceTree = "<group>";
		};
		BB638F0D2E0217560010077D /* Calendar */ = {
			isa = PBXGroup;
			children = (
				BB638F252E0218FE0010077D /* CalendarPermissionView.swift */,
				BB638F232E0218F80010077D /* CalendarEmptyState.swift */,
				BB638F212E0218F40010077D /* CalendarSkeleton.swift */,
				BB638F1F2E0218F00010077D /* CalendarEventRow.swift */,
				BB638F1D2E0218EC0010077D /* CalendarContentView.swift */,
				BB638F1B2E0218D10010077D /* CalendarFullView.swift */,
				BB638F192E0218CD0010077D /* CalendarEmbeddedView.swift */,
				BB638F172E0218C90010077D /* CalendarView.swift */,
			);
			path = Calendar;
			sourceTree = "<group>";
		};
		BB638F122E0218B10010077D /* Shared Components */ = {
			isa = PBXGroup;
			children = (
				BB638F152E0218C00010077D /* SharedHoverUtils.swift */,
				BB638F132E0218BB0010077D /* SharedHoverAppTitle.swift */,
				BBB6C5332DF3C8B4009E93C4 /* BaseHoverContainer.swift */,
				BB4ED9082C3CD96D00BBDD16 /* Traffic Light Buttons.swift */,
				BB1A85F62D08E52A00326297 /* DragPreviewCoordinator.swift */,
				BBF413912C40618800AA6733 /* FullSizePreviewView.swift */,
				BBA153F72C11604400119C02 /* SharedPreviewWindowCoordinator.swift */,
			);
			path = "Shared Components";
			sourceTree = "<group>";
		};
		BB750D232C8E939A00245E3E /* FluidGradient */ = {
			isa = PBXGroup;
			children = (
				BB15E1DE2C8E9435002ECFB9 /* BlobLayer.swift */,
				BB15E1DF2C8E9435002ECFB9 /* FluidGradient.swift */,
				BB15E1E02C8E9435002ECFB9 /* FluidGradientView.swift */,
				BB15E1E12C8E9435002ECFB9 /* ResizableLayer.swift */,
				BBF413992C40A64000AA6733 /* CustomizableFluidGradient.swift */,
			);
			path = FluidGradient;
			sourceTree = "<group>";
		};
		BBA153FD2C12358600119C02 /* Views */ = {
			isa = PBXGroup;
			children = (
				BBBD4AF12C8BDDC70074FFCF /* Intro */,
				BB4B44492C372A42006680DC /* Hover Window */,
				BBE7CC922C2244A600AB8F4D /* Settings */,
			);
			path = Views;
			sourceTree = "<group>";
		};
		BBAC6B412D15F71E00A0F370 /* Window Management */ = {
			isa = PBXGroup;
			children = (
				3A1622972C8BF71000D318EE /* SwiftUIWindow.swift */,
				BB2CBB082C48128D004502C5 /* SpaceWindowCacheManager.swift */,
				BB7CA33C2C31F1B00012E303 /* WindowManipulationObservers.swift */,
				BB157B782C0E330100997315 /* WindowUtil.swift */,
			);
			path = "Window Management";
			sourceTree = "<group>";
		};
		BBB6C52E2DF3C883009E93C4 /* Models */ = {
			isa = PBXGroup;
			children = (
				BBB6C52F2DF3C884009E93C4 /* MediaInfo.swift */,
				BB90A5EC2DFA13E000857722 /* CalendarInfo.swift */,
			);
			path = Models;
			sourceTree = "<group>";
		};
		BBBD4AF12C8BDDC70074FFCF /* Intro */ = {
			isa = PBXGroup;
			children = (
				3A1622C82C8D5E3800D318EE /* Tabs */,
				BBCFAE3F2C266234002E1516 /* FirstTimeView.swift */,
				3A1622BB2C8C1B8600D318EE /* FirstTimeViewAppIcon.swift */,
				3A1622BD2C8C218400D318EE /* FirstTimeViewInstructionsView.swift */,
			);
			path = Intro;
			sourceTree = "<group>";
		};
		BBE7CC922C2244A600AB8F4D /* Settings */ = {
			isa = PBXGroup;
			children = (
				BB15E1E62C8F8C8D002ECFB9 /* Help */,
				BBE7CC902C22429A00AB8F4D /* settings.swift */,
				BB1CBD572C1BA800003969BC /* MainSettingsView.swift */,
				BB1A85F42D05263C00326297 /* FiltersSettingsView.swift */,
				BB1865552DD57F1E000F34AD /* SupportSettingsView.swift */,
				BB6A4F1B2C1CFCFF00CB4C9E /* PermissionsSettingsView.swift */,
				BBFAD73B2C287C770092F5F1 /* UpdateSettingsView.swift */,
				C119BDF12C2AFA7600E06E18 /* WindowSwitcherSettingsView.swift */,
				0531F8D12C3CC04600327808 /* AppearanceSettingsView.swift */,
				BB0440612C77AE85009F1D33 /* GradientColorPaletteSettingsView.swift */,
			);
			path = Settings;
			sourceTree = "<group>";
		};
/* End PBXGroup section */

/* Begin PBXNativeTarget section */
		BB157B642C0E31CE00997315 /* DockDoor */ = {
			isa = PBXNativeTarget;
			buildConfigurationList = BB157B742C0E31CF00997315 /* Build configuration list for PBXNativeTarget "DockDoor" */;
			buildPhases = (
				054B715D2C69264800E662F3 /* Run Script */,
				BB157B612C0E31CE00997315 /* Sources */,
				BB157B622C0E31CE00997315 /* Frameworks */,
				BB157B632C0E31CE00997315 /* Resources */,
			);
			buildRules = (
			);
			dependencies = (
			);
			name = DockDoor;
			packageProductDependencies = (
				BB1CBD5A2C1BA8DC003969BC /* Defaults */,
				BBE7CC8E2C22421900AB8F4D /* Settings */,
				BB33E68B2C24C72F00A21D69 /* LaunchAtLogin */,
				BBFAD7392C287A9C0092F5F1 /* Sparkle */,
				BB3967FF2C2A6C44004F1AB6 /* SmoothGradient */,
				3A1622A22C8BFF3800D318EE /* Pow */,
				3A1622B72C8C0EE200D318EE /* Kroma */,
				BBBD4AF72C8D71560074FFCF /* ConfettiSwiftUI */,
				BB15E1EE2C8FB70C002ECFB9 /* Glur */,
			);
			productName = DockDoor;
			productReference = BB157B652C0E31CE00997315 /* DockDoor.app */;
			productType = "com.apple.product-type.application";
		};
/* End PBXNativeTarget section */

/* Begin PBXProject section */
		BB157B5D2C0E31CE00997315 /* Project object */ = {
			isa = PBXProject;
			attributes = {
				BuildIndependentTargetsInParallel = 1;
				LastSwiftUpdateCheck = 1540;
				LastUpgradeCheck = 1540;
				TargetAttributes = {
					BB157B642C0E31CE00997315 = {
						CreatedOnToolsVersion = 15.4;
					};
				};
			};
			buildConfigurationList = BB157B602C0E31CE00997315 /* Build configuration list for PBXProject "DockDoor" */;
			compatibilityVersion = "Xcode 14.0";
			developmentRegion = en;
			hasScannedForEncodings = 0;
			knownRegions = (
				en,
				Base,
				he,
				fr,
			);
			mainGroup = BB157B5C2C0E31CE00997315;
			packageReferences = (
				BB1CBD592C1BA8DC003969BC /* XCRemoteSwiftPackageReference "Defaults" */,
				BBE7CC8D2C22421900AB8F4D /* XCRemoteSwiftPackageReference "Settings" */,
				BB33E68A2C24C72F00A21D69 /* XCRemoteSwiftPackageReference "LaunchAtLogin-Modern" */,
				BBFAD7382C287A9C0092F5F1 /* XCRemoteSwiftPackageReference "Sparkle" */,
				BB3967FE2C2A6C44004F1AB6 /* XCRemoteSwiftPackageReference "SmoothGradient" */,
				3A1622A12C8BFF3800D318EE /* XCRemoteSwiftPackageReference "Pow" */,
				3A1622B62C8C0EE200D318EE /* XCRemoteSwiftPackageReference "Kroma" */,
				BBBD4AF62C8D71560074FFCF /* XCRemoteSwiftPackageReference "ConfettiSwiftUI" */,
				BB15E1ED2C8FB70C002ECFB9 /* XCRemoteSwiftPackageReference "Glur" */,
			);
			productRefGroup = BB157B662C0E31CE00997315 /* Products */;
			projectDirPath = "";
			projectRoot = "";
			targets = (
				BB157B642C0E31CE00997315 /* DockDoor */,
			);
		};
/* End PBXProject section */

/* Begin PBXResourcesBuildPhase section */
		BB157B632C0E31CE00997315 /* Resources */ = {
			isa = PBXResourcesBuildPhase;
			buildActionMask = 2147483647;
			files = (
				BB157B702C0E31CF00997315 /* Preview Assets.xcassets in Resources */,
				3A1622B12C8C090C00D318EE /* mouse-down.mp3 in Resources */,
				3A1622AE2C8C06F600D318EE /* mouse-up.mp3 in Resources */,
				BB157B6D2C0E31CF00997315 /* Assets.xcassets in Resources */,
				BB4ED9072C3C75CA00BBDD16 /* Localizable.xcstrings in Resources */,
			);
			runOnlyForDeploymentPostprocessing = 0;
		};
/* End PBXResourcesBuildPhase section */

/* Begin PBXShellScriptBuildPhase section */
		054B715D2C69264800E662F3 /* Run Script */ = {
			isa = PBXShellScriptBuildPhase;
			alwaysOutOfDate = 1;
			buildActionMask = 2147483647;
			files = (
			);
			inputFileListPaths = (
			);
			inputPaths = (
			);
			name = "Run Script";
			outputFileListPaths = (
			);
			outputPaths = (
			);
			runOnlyForDeploymentPostprocessing = 0;
			shellPath = /bin/sh;
			shellScript = "cd BuildTools\nSDKROOT=(xcrun --sdk macosx --show-sdk-path)\n#swift package update #Uncomment this line temporarily to update the version used to the latest matching your BuildTools/Package.swift file\nswift run -c release swiftformat \"$SRCROOT\"\n";
		};
/* End PBXShellScriptBuildPhase section */

/* Begin PBXSourcesBuildPhase section */
		BB157B612C0E31CE00997315 /* Sources */ = {
			isa = PBXSourcesBuildPhase;
			buildActionMask = 2147483647;
			files = (
				0531F8D22C3CC04600327808 /* AppearanceSettingsView.swift in Sources */,
				BB638EFA2E0216DA0010077D /* MediaControlsEmbeddedView.swift in Sources */,
				3A1622982C8BF71000D318EE /* SwiftUIWindow.swift in Sources */,
				BB638F082E0217250010077D /* MediaPlaybackControls.swift in Sources */,
				BB6A4F1C2C1CFCFF00CB4C9E /* PermissionsSettingsView.swift in Sources */,
				BB3D6EB02C84E58400FFE584 /* NSScreen.swift in Sources */,
				BB3D6EAE2C82E4B400FFE584 /* WindowDismissalContainer.swift in Sources */,
				3A1622BA2C8C0FF100D318EE /* NoBtnStyle.swift in Sources */,
				BB3967FD2C291D5A004F1AB6 /* StackedShadow.swift in Sources */,
				BBB6C5322DF3C8A4009E93C4 /* MediaControlsView.swift in Sources */,
				BBB6C5342DF3C8B4009E93C4 /* BaseHoverContainer.swift in Sources */,
				BB638F182E0218C90010077D /* CalendarView.swift in Sources */,
				BBE153BE2D2126D000CD3D4A /* MaterialPill.swift in Sources */,
				BB638F0C2E0217480010077D /* MediaLyricsView.swift in Sources */,
				BB638F222E0218F40010077D /* CalendarSkeleton.swift in Sources */,
				BB638F0F2E02175C0010077D /* MediaControlsSkeleton.swift in Sources */,
				BB0CBE3A2DD8179200D55437 /* MouseEventModifier.swift in Sources */,
				BBB6C5372DF738E4009E93C4 /* Color.swift in Sources */,
				3A1622CE2C8D5F8500D318EE /* FirstTimeCongratsTabView.swift in Sources */,
				3A1622C32C8D586900D318EE /* PermissionsView.swift in Sources */,
				BBF4139A2C40A64A00AA6733 /* CustomizableFluidGradient.swift in Sources */,
				BBE692192D17AD9E0093B4A5 /* DangerButton.swift in Sources */,
				3A1622BE2C8C218500D318EE /* FirstTimeViewInstructionsView.swift in Sources */,
				BB1A85F52D05263C00326297 /* FiltersSettingsView.swift in Sources */,
				BB638F002E0216FA0010077D /* MediaArtworkView.swift in Sources */,
				BB377C342DFD0D3700FA93DA /* PinnableView.swift in Sources */,
				3A1622BC2C8C1B8600D318EE /* FirstTimeViewAppIcon.swift in Sources */,
				3A1622B52C8C09A700D318EE /* AccentButton.swift in Sources */,
				BB638EFC2E0216DE0010077D /* MediaControlsFullView.swift in Sources */,
				BB7CA33D2C31F1B00012E303 /* WindowManipulationObservers.swift in Sources */,
				BB15E1E82C8F8C9C002ECFB9 /* ScreenRecordWarningView.swift in Sources */,
				BBF383972C94A26200B39A23 /* sliderSetting.swift in Sources */,
				BBAC6B452D15FA8900A0F370 /* AXValue.swift in Sources */,
				BB157B802C0E8E6700997315 /* MessageUtil.swift in Sources */,
				BB638F242E0218F80010077D /* CalendarEmptyState.swift in Sources */,
				BB638F1A2E0218CD0010077D /* CalendarEmbeddedView.swift in Sources */,
				05C0C7182C60629C000ADAC6 /* AXUIElement.swift in Sources */,
				3A1622C12C8D57AF00D318EE /* PermissionsChecker.swift in Sources */,
				3A105FD62C1BED660015EC66 /* BlurView.swift in Sources */,
				BBB6C5302DF3C884009E93C4 /* MediaInfo.swift in Sources */,
				BB0440622C77AE8D009F1D33 /* GradientColorPaletteSettingsView.swift in Sources */,
				BB1CBD5D2C1BCA4F003969BC /* Misc Utils.swift in Sources */,
				3A105FD92C1C049E0015EC66 /* dockStyle.swift in Sources */,
				BB2CBB092C481295004502C5 /* SpaceWindowCacheManager.swift in Sources */,
				BB3968022C2A6CC2004F1AB6 /* Marquee.swift in Sources */,
				BB0440602C77AD2C009F1D33 /* CodableColor.swift in Sources */,
				BB52EDF02C5BEFE3006A64A4 /* HiddenModifier.swift in Sources */,
				BBBAA15B2DE6998B00FF8F8F /* UpdaterState.swift in Sources */,
				BBE63DFF2DEA583C0079D2B9 /* PreviewStateCoordinator.swift in Sources */,
				BB44474F2C507F950047EB92 /* LimitedTaskGroup.swift in Sources */,
				BB22D7152DF9E24500EBBCA6 /* GlintPlaceholderModifier.swift in Sources */,
				BBBD4AF52C8D671C0074FFCF /* NSImage.swift in Sources */,
				BB04405E2C77A87F009F1D33 /* PreferencesProtocol.swift in Sources */,
				27DC8C172CFA4DA7005F8F31 /* NumberFormatter+Convenience.swift in Sources */,
				3A1622C72C8D5A5C00D318EE /* EnabledActionRowView.swift in Sources */,
				BBE153C22D22024F00CD3D4A /* View.swift in Sources */,
				3A1622D02C8D691700D318EE /* SquiggleDivider.swift in Sources */,
				BB638F1E2E0218EC0010077D /* CalendarContentView.swift in Sources */,
				BB157B822C0EB29E00997315 /* DockObserver.swift in Sources */,
				BB638F022E0216FE0010077D /* MediaControlButton.swift in Sources */,
				BB638F0A2E02172B0010077D /* MediaLyricsButton.swift in Sources */,
				BBA153FA2C11FFD500119C02 /* consts.swift in Sources */,
				BB377C3F2DFD19ED00FA93DA /* PinnedWindowDelegate.swift in Sources */,
				BBE033CC2DD92061006417B0 /* CGimage.swift in Sources */,
				BBA153F62C115DDA00119C02 /* AppDelegate.swift in Sources */,
				BB918BB52CF7613400931236 /* CGRect.swift in Sources */,
				BB6021D22D1E613800D47C86 /* Window Image Sizing Calculations.swift in Sources */,
				3A1622CA2C8D5E4600D318EE /* FirstTimeIntroTabView.swift in Sources */,
				BB1865562DD57F1E000F34AD /* SupportSettingsView.swift in Sources */,
				BB638F062E02170B0010077D /* MediaProgressBar.swift in Sources */,
				BB15E1F72C8FC05A002ECFB9 /* UniformCardView.swift in Sources */,
				BB638F042E0217030010077D /* MediaControlButtonRow.swift in Sources */,
				BB377C492DFD434300FA93DA /* GlobalPadding.swift in Sources */,
				BB638F162E0218C00010077D /* SharedHoverUtils.swift in Sources */,
				BBA153F82C11604400119C02 /* SharedPreviewWindowCoordinator.swift in Sources */,
				BB1865542DD57E18000F34AD /* BaseSettingsView.swift in Sources */,
				BBA153FC2C12356100119C02 /* main.swift in Sources */,
				BBF6C6242C1B4B4400BF1D40 /* KeybindHelper.swift in Sources */,
				BB638F1C2E0218D10010077D /* CalendarFullView.swift in Sources */,
				0596C2C32C3E060D00DCABEF /* PrivateApis.swift in Sources */,
				BB15E1E22C8E9435002ECFB9 /* FluidGradient.swift in Sources */,
				BB638F142E0218BB0010077D /* SharedHoverAppTitle.swift in Sources */,
				BB15E1E32C8E9435002ECFB9 /* ResizableLayer.swift in Sources */,
				BB15E1E42C8E9435002ECFB9 /* FluidGradientView.swift in Sources */,
				BB15E1E52C8E9435002ECFB9 /* BlobLayer.swift in Sources */,
				3A1622CC2C8D5F5B00D318EE /* FirstTimePermissionsTabView.swift in Sources */,
				BB1F60E52D238A9800808E05 /* CGSize.swift in Sources */,
				3A105FDD2C1C0EE20015EC66 /* DynStack.swift in Sources */,
				BB4ED9092C3CD97400BBDD16 /* Traffic Light Buttons.swift in Sources */,
				C119BDF22C2AFA7600E06E18 /* WindowSwitcherSettingsView.swift in Sources */,
				BB2567C62C10C5F000C0C93E /* DockUtils.swift in Sources */,
				BBE7CC912C22429A00AB8F4D /* settings.swift in Sources */,
				BB1A85F72D08E53000326297 /* DragPreviewCoordinator.swift in Sources */,
				BBF413942C40978400AA6733 /* WindowPreviewHoverContainer.swift in Sources */,
				BBF413922C40618D00AA6733 /* FullSizePreviewView.swift in Sources */,
				BB15E1F12C8FBCD4002ECFB9 /* BugAndFeatureReporting.swift in Sources */,
				BB0036D02D24AAD20072C61E /* CGPoint.swift in Sources */,
				BB15E1F52C8FBEAB002ECFB9 /* DonationView.swift in Sources */,
				BB5059322E0386B500BDD731 /* AudioOutputDevice.swift in Sources */,
				BB90A5ED2DFA13E000857722 /* CalendarInfo.swift in Sources */,
				BBCFAE402C266234002E1516 /* FirstTimeView.swift in Sources */,
				BB4B444B2C372A4E006680DC /* WindowPreview.swift in Sources */,
				BB04405B2C77A013009F1D33 /* GradientColorPaletteSettings.swift in Sources */,
				BB1CBD582C1BA800003969BC /* MainSettingsView.swift in Sources */,
				BB157B792C0E330100997315 /* WindowUtil.swift in Sources */,
				BB15E1EA2C8F8DB4002ECFB9 /* HelpSettingsView.swift in Sources */,
				BB638F202E0218F00010077D /* CalendarEventRow.swift in Sources */,
				BB6D81962DF75CA100DB64E4 /* SimpleProgressBar.swift in Sources */,
				BBFAD73C2C287C770092F5F1 /* UpdateSettingsView.swift in Sources */,
				BBE153C02D21FA2700CD3D4A /* StyledGroupBox.swift in Sources */,
				BB157B7B2C0E343000997315 /* SystemPreferencesHelper.swift in Sources */,
				BB638F262E0218FE0010077D /* CalendarPermissionView.swift in Sources */,
			);
			runOnlyForDeploymentPostprocessing = 0;
		};
/* End PBXSourcesBuildPhase section */

/* Begin XCBuildConfiguration section */
		BB157B722C0E31CF00997315 /* Debug */ = {
			isa = XCBuildConfiguration;
			buildSettings = {
				ALWAYS_SEARCH_USER_PATHS = NO;
				ASSETCATALOG_COMPILER_GENERATE_SWIFT_ASSET_SYMBOL_EXTENSIONS = YES;
				CLANG_ANALYZER_NONNULL = YES;
				CLANG_ANALYZER_NUMBER_OBJECT_CONVERSION = YES_AGGRESSIVE;
				CLANG_CXX_LANGUAGE_STANDARD = "gnu++20";
				CLANG_ENABLE_MODULES = YES;
				CLANG_ENABLE_OBJC_ARC = YES;
				CLANG_ENABLE_OBJC_WEAK = YES;
				CLANG_WARN_BLOCK_CAPTURE_AUTORELEASING = YES;
				CLANG_WARN_BOOL_CONVERSION = YES;
				CLANG_WARN_COMMA = YES;
				CLANG_WARN_CONSTANT_CONVERSION = YES;
				CLANG_WARN_DEPRECATED_OBJC_IMPLEMENTATIONS = YES;
				CLANG_WARN_DIRECT_OBJC_ISA_USAGE = YES_ERROR;
				CLANG_WARN_DOCUMENTATION_COMMENTS = YES;
				CLANG_WARN_EMPTY_BODY = YES;
				CLANG_WARN_ENUM_CONVERSION = YES;
				CLANG_WARN_INFINITE_RECURSION = YES;
				CLANG_WARN_INT_CONVERSION = YES;
				CLANG_WARN_NON_LITERAL_NULL_CONVERSION = YES;
				CLANG_WARN_OBJC_IMPLICIT_RETAIN_SELF = YES;
				CLANG_WARN_OBJC_LITERAL_CONVERSION = YES;
				CLANG_WARN_OBJC_ROOT_CLASS = YES_ERROR;
				CLANG_WARN_QUOTED_INCLUDE_IN_FRAMEWORK_HEADER = YES;
				CLANG_WARN_RANGE_LOOP_ANALYSIS = YES;
				CLANG_WARN_STRICT_PROTOTYPES = YES;
				CLANG_WARN_SUSPICIOUS_MOVE = YES;
				CLANG_WARN_UNGUARDED_AVAILABILITY = YES_AGGRESSIVE;
				CLANG_WARN_UNREACHABLE_CODE = YES;
				CLANG_WARN__DUPLICATE_METHOD_MATCH = YES;
				COPY_PHASE_STRIP = NO;
				DEBUG_INFORMATION_FORMAT = dwarf;
				ENABLE_STRICT_OBJC_MSGSEND = YES;
				ENABLE_TESTABILITY = YES;
				ENABLE_USER_SCRIPT_SANDBOXING = YES;
				GCC_C_LANGUAGE_STANDARD = gnu17;
				GCC_DYNAMIC_NO_PIC = NO;
				GCC_NO_COMMON_BLOCKS = YES;
				GCC_OPTIMIZATION_LEVEL = 0;
				GCC_PREPROCESSOR_DEFINITIONS = (
					"DEBUG=1",
					"$(inherited)",
				);
				GCC_WARN_64_TO_32_BIT_CONVERSION = YES;
				GCC_WARN_ABOUT_RETURN_TYPE = YES_ERROR;
				GCC_WARN_UNDECLARED_SELECTOR = YES;
				GCC_WARN_UNINITIALIZED_AUTOS = YES_AGGRESSIVE;
				GCC_WARN_UNUSED_FUNCTION = YES;
				GCC_WARN_UNUSED_VARIABLE = YES;
				LOCALIZATION_PREFERS_STRING_CATALOGS = YES;
				MACOSX_DEPLOYMENT_TARGET = 14.5;
				MTL_ENABLE_DEBUG_INFO = INCLUDE_SOURCE;
				MTL_FAST_MATH = YES;
				ONLY_ACTIVE_ARCH = YES;
				SDKROOT = macosx;
				SWIFT_ACTIVE_COMPILATION_CONDITIONS = "DEBUG $(inherited)";
				SWIFT_EMIT_LOC_STRINGS = YES;
				SWIFT_OPTIMIZATION_LEVEL = "-Onone";
			};
			name = Debug;
		};
		BB157B732C0E31CF00997315 /* Release */ = {
			isa = XCBuildConfiguration;
			buildSettings = {
				ALWAYS_SEARCH_USER_PATHS = NO;
				ASSETCATALOG_COMPILER_GENERATE_SWIFT_ASSET_SYMBOL_EXTENSIONS = YES;
				CLANG_ANALYZER_NONNULL = YES;
				CLANG_ANALYZER_NUMBER_OBJECT_CONVERSION = YES_AGGRESSIVE;
				CLANG_CXX_LANGUAGE_STANDARD = "gnu++20";
				CLANG_ENABLE_MODULES = YES;
				CLANG_ENABLE_OBJC_ARC = YES;
				CLANG_ENABLE_OBJC_WEAK = YES;
				CLANG_WARN_BLOCK_CAPTURE_AUTORELEASING = YES;
				CLANG_WARN_BOOL_CONVERSION = YES;
				CLANG_WARN_COMMA = YES;
				CLANG_WARN_CONSTANT_CONVERSION = YES;
				CLANG_WARN_DEPRECATED_OBJC_IMPLEMENTATIONS = YES;
				CLANG_WARN_DIRECT_OBJC_ISA_USAGE = YES_ERROR;
				CLANG_WARN_DOCUMENTATION_COMMENTS = YES;
				CLANG_WARN_EMPTY_BODY = YES;
				CLANG_WARN_ENUM_CONVERSION = YES;
				CLANG_WARN_INFINITE_RECURSION = YES;
				CLANG_WARN_INT_CONVERSION = YES;
				CLANG_WARN_NON_LITERAL_NULL_CONVERSION = YES;
				CLANG_WARN_OBJC_IMPLICIT_RETAIN_SELF = YES;
				CLANG_WARN_OBJC_LITERAL_CONVERSION = YES;
				CLANG_WARN_OBJC_ROOT_CLASS = YES_ERROR;
				CLANG_WARN_QUOTED_INCLUDE_IN_FRAMEWORK_HEADER = YES;
				CLANG_WARN_RANGE_LOOP_ANALYSIS = YES;
				CLANG_WARN_STRICT_PROTOTYPES = YES;
				CLANG_WARN_SUSPICIOUS_MOVE = YES;
				CLANG_WARN_UNGUARDED_AVAILABILITY = YES_AGGRESSIVE;
				CLANG_WARN_UNREACHABLE_CODE = YES;
				CLANG_WARN__DUPLICATE_METHOD_MATCH = YES;
				COPY_PHASE_STRIP = NO;
				DEBUG_INFORMATION_FORMAT = "dwarf-with-dsym";
				ENABLE_NS_ASSERTIONS = NO;
				ENABLE_STRICT_OBJC_MSGSEND = YES;
				ENABLE_USER_SCRIPT_SANDBOXING = YES;
				GCC_C_LANGUAGE_STANDARD = gnu17;
				GCC_NO_COMMON_BLOCKS = YES;
				GCC_WARN_64_TO_32_BIT_CONVERSION = YES;
				GCC_WARN_ABOUT_RETURN_TYPE = YES_ERROR;
				GCC_WARN_UNDECLARED_SELECTOR = YES;
				GCC_WARN_UNINITIALIZED_AUTOS = YES_AGGRESSIVE;
				GCC_WARN_UNUSED_FUNCTION = YES;
				GCC_WARN_UNUSED_VARIABLE = YES;
				LOCALIZATION_PREFERS_STRING_CATALOGS = YES;
				MACOSX_DEPLOYMENT_TARGET = 14.5;
				MTL_ENABLE_DEBUG_INFO = NO;
				MTL_FAST_MATH = YES;
				SDKROOT = macosx;
				SWIFT_COMPILATION_MODE = wholemodule;
				SWIFT_EMIT_LOC_STRINGS = YES;
			};
			name = Release;
		};
		BB157B752C0E31CF00997315 /* Debug */ = {
			isa = XCBuildConfiguration;
			buildSettings = {
				ASSETCATALOG_COMPILER_APPICON_NAME = AppIcon;
				ASSETCATALOG_COMPILER_GLOBAL_ACCENT_COLOR_NAME = AccentColor;
				AUTOMATION_APPLE_EVENTS = YES;
				CODE_SIGN_ENTITLEMENTS = DockDoor/DockDoorDebug.entitlements;
				"CODE_SIGN_IDENTITY[sdk=macosx*]" = "Apple Development";
				CODE_SIGN_STYLE = Automatic;
				COMBINE_HIDPI_IMAGES = YES;
				CURRENT_PROJECT_VERSION = 1.18.3;
				DEAD_CODE_STRIPPING = YES;
				DEVELOPMENT_ASSET_PATHS = "\"DockDoor/Preview Content\"";
				DEVELOPMENT_TEAM = 2Q775S63Q3;
				ENABLE_HARDENED_RUNTIME = YES;
				ENABLE_PREVIEWS = YES;
				ENABLE_RESOURCE_ACCESS_AUDIO_INPUT = NO;
				ENABLE_RESOURCE_ACCESS_CALENDARS = YES;
				ENABLE_RESOURCE_ACCESS_CAMERA = NO;
				ENABLE_RESOURCE_ACCESS_CONTACTS = NO;
				ENABLE_RESOURCE_ACCESS_LOCATION = NO;
				ENABLE_RESOURCE_ACCESS_PHOTO_LIBRARY = NO;
				ENABLE_USER_SCRIPT_SANDBOXING = NO;
				GENERATE_INFOPLIST_FILE = YES;
				INFOPLIST_FILE = DockDoor/Info.plist;
				INFOPLIST_KEY_CFBundleDisplayName = DockDoor;
				INFOPLIST_KEY_LSApplicationCategoryType = "public.app-category.utilities";
				INFOPLIST_KEY_NSHumanReadableCopyright = "";
				LD_RUNPATH_SEARCH_PATHS = (
					"$(inherited)",
					"@executable_path/../Frameworks",
				);
				MACOSX_DEPLOYMENT_TARGET = 13.0;
				MARKETING_VERSION = 1.18.3;
				PRODUCT_BUNDLE_IDENTIFIER = com.ethanbills.DockDoor;
				PRODUCT_NAME = "$(TARGET_NAME)";
				RUNTIME_EXCEPTION_ALLOW_DYLD_ENVIRONMENT_VARIABLES = NO;
				RUNTIME_EXCEPTION_ALLOW_JIT = NO;
				RUNTIME_EXCEPTION_ALLOW_UNSIGNED_EXECUTABLE_MEMORY = NO;
				RUNTIME_EXCEPTION_DEBUGGING_TOOL = NO;
				RUNTIME_EXCEPTION_DISABLE_EXECUTABLE_PAGE_PROTECTION = NO;
				RUNTIME_EXCEPTION_DISABLE_LIBRARY_VALIDATION = NO;
				SWIFT_EMIT_LOC_STRINGS = YES;
				SWIFT_VERSION = 5.10;
			};
			name = Debug;
		};
		BB157B762C0E31CF00997315 /* Release */ = {
			isa = XCBuildConfiguration;
			buildSettings = {
				ASSETCATALOG_COMPILER_APPICON_NAME = AppIcon;
				ASSETCATALOG_COMPILER_GLOBAL_ACCENT_COLOR_NAME = AccentColor;
				AUTOMATION_APPLE_EVENTS = YES;
				CODE_SIGN_ENTITLEMENTS = DockDoor/DockDoor.entitlements;
				"CODE_SIGN_IDENTITY[sdk=macosx*]" = "Apple Development";
				CODE_SIGN_STYLE = Automatic;
				COMBINE_HIDPI_IMAGES = YES;
				CURRENT_PROJECT_VERSION = 1.18.3;
				DEAD_CODE_STRIPPING = YES;
				DEVELOPMENT_ASSET_PATHS = "\"DockDoor/Preview Content\"";
				DEVELOPMENT_TEAM = 2Q775S63Q3;
				ENABLE_HARDENED_RUNTIME = YES;
				ENABLE_PREVIEWS = YES;
				ENABLE_RESOURCE_ACCESS_AUDIO_INPUT = NO;
				ENABLE_RESOURCE_ACCESS_CALENDARS = YES;
				ENABLE_RESOURCE_ACCESS_CAMERA = NO;
				ENABLE_RESOURCE_ACCESS_CONTACTS = NO;
				ENABLE_RESOURCE_ACCESS_LOCATION = NO;
				ENABLE_RESOURCE_ACCESS_PHOTO_LIBRARY = NO;
				ENABLE_USER_SCRIPT_SANDBOXING = NO;
				GENERATE_INFOPLIST_FILE = YES;
				INFOPLIST_FILE = DockDoor/Info.plist;
				INFOPLIST_KEY_CFBundleDisplayName = DockDoor;
				INFOPLIST_KEY_LSApplicationCategoryType = "public.app-category.utilities";
				INFOPLIST_KEY_NSHumanReadableCopyright = "";
				LD_RUNPATH_SEARCH_PATHS = (
					"$(inherited)",
					"@executable_path/../Frameworks",
				);
				MACOSX_DEPLOYMENT_TARGET = 13.0;
				MARKETING_VERSION = 1.18.3;
				PRODUCT_BUNDLE_IDENTIFIER = com.ethanbills.DockDoor;
				PRODUCT_NAME = "$(TARGET_NAME)";
				RUNTIME_EXCEPTION_ALLOW_DYLD_ENVIRONMENT_VARIABLES = NO;
				RUNTIME_EXCEPTION_ALLOW_JIT = NO;
				RUNTIME_EXCEPTION_ALLOW_UNSIGNED_EXECUTABLE_MEMORY = NO;
				RUNTIME_EXCEPTION_DEBUGGING_TOOL = NO;
				RUNTIME_EXCEPTION_DISABLE_EXECUTABLE_PAGE_PROTECTION = NO;
				RUNTIME_EXCEPTION_DISABLE_LIBRARY_VALIDATION = NO;
				SWIFT_EMIT_LOC_STRINGS = YES;
				SWIFT_VERSION = 5.10;
			};
			name = Release;
		};
/* End XCBuildConfiguration section */

/* Begin XCConfigurationList section */
		BB157B602C0E31CE00997315 /* Build configuration list for PBXProject "DockDoor" */ = {
			isa = XCConfigurationList;
			buildConfigurations = (
				BB157B722C0E31CF00997315 /* Debug */,
				BB157B732C0E31CF00997315 /* Release */,
			);
			defaultConfigurationIsVisible = 0;
			defaultConfigurationName = Release;
		};
		BB157B742C0E31CF00997315 /* Build configuration list for PBXNativeTarget "DockDoor" */ = {
			isa = XCConfigurationList;
			buildConfigurations = (
				BB157B752C0E31CF00997315 /* Debug */,
				BB157B762C0E31CF00997315 /* Release */,
			);
			defaultConfigurationIsVisible = 0;
			defaultConfigurationName = Release;
		};
/* End XCConfigurationList section */

/* Begin XCRemoteSwiftPackageReference section */
		3A1622A12C8BFF3800D318EE /* XCRemoteSwiftPackageReference "Pow" */ = {
			isa = XCRemoteSwiftPackageReference;
			repositoryURL = "https://github.com/EmergeTools/Pow.git";
			requirement = {
				kind = upToNextMajorVersion;
				minimumVersion = 1.0.4;
			};
		};
		3A1622B62C8C0EE200D318EE /* XCRemoteSwiftPackageReference "Kroma" */ = {
			isa = XCRemoteSwiftPackageReference;
			repositoryURL = "https://github.com/kaishin/Kroma.git";
			requirement = {
				branch = main;
				kind = branch;
			};
		};
		BB15E1ED2C8FB70C002ECFB9 /* XCRemoteSwiftPackageReference "Glur" */ = {
			isa = XCRemoteSwiftPackageReference;
			repositoryURL = "https://github.com/joogps/Glur";
			requirement = {
				kind = upToNextMajorVersion;
				minimumVersion = 1.0.4;
			};
		};
		BB1CBD592C1BA8DC003969BC /* XCRemoteSwiftPackageReference "Defaults" */ = {
			isa = XCRemoteSwiftPackageReference;
			repositoryURL = "https://github.com/sindresorhus/Defaults";
			requirement = {
				branch = main;
				kind = branch;
			};
		};
		BB33E68A2C24C72F00A21D69 /* XCRemoteSwiftPackageReference "LaunchAtLogin-Modern" */ = {
			isa = XCRemoteSwiftPackageReference;
			repositoryURL = "https://github.com/sindresorhus/LaunchAtLogin-Modern";
			requirement = {
				branch = main;
				kind = branch;
			};
		};
		BB3967FE2C2A6C44004F1AB6 /* XCRemoteSwiftPackageReference "SmoothGradient" */ = {
			isa = XCRemoteSwiftPackageReference;
			repositoryURL = "https://github.com/raymondjavaxx/SmoothGradient";
			requirement = {
				kind = upToNextMajorVersion;
				minimumVersion = 1.0.0;
			};
		};
		BBBD4AF62C8D71560074FFCF /* XCRemoteSwiftPackageReference "ConfettiSwiftUI" */ = {
			isa = XCRemoteSwiftPackageReference;
			repositoryURL = "https://github.com/simibac/ConfettiSwiftUI";
			requirement = {
				kind = upToNextMajorVersion;
				minimumVersion = 1.1.0;
			};
		};
		BBE7CC8D2C22421900AB8F4D /* XCRemoteSwiftPackageReference "Settings" */ = {
			isa = XCRemoteSwiftPackageReference;
			repositoryURL = "https://github.com/sindresorhus/Settings";
			requirement = {
				kind = upToNextMajorVersion;
				minimumVersion = 3.1.1;
			};
		};
		BBFAD7382C287A9C0092F5F1 /* XCRemoteSwiftPackageReference "Sparkle" */ = {
			isa = XCRemoteSwiftPackageReference;
			repositoryURL = "https://github.com/sparkle-project/Sparkle";
			requirement = {
				kind = upToNextMajorVersion;
				minimumVersion = 2.6.3;
			};
		};
/* End XCRemoteSwiftPackageReference section */

/* Begin XCSwiftPackageProductDependency section */
		3A1622A22C8BFF3800D318EE /* Pow */ = {
			isa = XCSwiftPackageProductDependency;
			package = 3A1622A12C8BFF3800D318EE /* XCRemoteSwiftPackageReference "Pow" */;
			productName = Pow;
		};
		3A1622B72C8C0EE200D318EE /* Kroma */ = {
			isa = XCSwiftPackageProductDependency;
			package = 3A1622B62C8C0EE200D318EE /* XCRemoteSwiftPackageReference "Kroma" */;
			productName = Kroma;
		};
		BB15E1EE2C8FB70C002ECFB9 /* Glur */ = {
			isa = XCSwiftPackageProductDependency;
			package = BB15E1ED2C8FB70C002ECFB9 /* XCRemoteSwiftPackageReference "Glur" */;
			productName = Glur;
		};
		BB1CBD5A2C1BA8DC003969BC /* Defaults */ = {
			isa = XCSwiftPackageProductDependency;
			package = BB1CBD592C1BA8DC003969BC /* XCRemoteSwiftPackageReference "Defaults" */;
			productName = Defaults;
		};
		BB33E68B2C24C72F00A21D69 /* LaunchAtLogin */ = {
			isa = XCSwiftPackageProductDependency;
			package = BB33E68A2C24C72F00A21D69 /* XCRemoteSwiftPackageReference "LaunchAtLogin-Modern" */;
			productName = LaunchAtLogin;
		};
		BB3967FF2C2A6C44004F1AB6 /* SmoothGradient */ = {
			isa = XCSwiftPackageProductDependency;
			package = BB3967FE2C2A6C44004F1AB6 /* XCRemoteSwiftPackageReference "SmoothGradient" */;
			productName = SmoothGradient;
		};
		BBBD4AF72C8D71560074FFCF /* ConfettiSwiftUI */ = {
			isa = XCSwiftPackageProductDependency;
			package = BBBD4AF62C8D71560074FFCF /* XCRemoteSwiftPackageReference "ConfettiSwiftUI" */;
			productName = ConfettiSwiftUI;
		};
		BBE7CC8E2C22421900AB8F4D /* Settings */ = {
			isa = XCSwiftPackageProductDependency;
			package = BBE7CC8D2C22421900AB8F4D /* XCRemoteSwiftPackageReference "Settings" */;
			productName = Settings;
		};
		BBFAD7392C287A9C0092F5F1 /* Sparkle */ = {
			isa = XCSwiftPackageProductDependency;
			package = BBFAD7382C287A9C0092F5F1 /* XCRemoteSwiftPackageReference "Sparkle" */;
			productName = Sparkle;
		};
/* End XCSwiftPackageProductDependency section */
	};
	rootObject = BB157B5D2C0E31CE00997315 /* Project object */;
}
