// !$*UTF8*$!
{
	archiveVersion = 1;
	classes = {
	};
	objectVersion = 56;
	objects = {

/* Begin PBXBuildFile section */
		BB157B692C0E31CE00997315 /* DockDoorApp.swift in Sources */ = {isa = PBXBuildFile; fileRef = BB157B682C0E31CE00997315 /* DockDoorApp.swift */; };
		BB157B6B2C0E31CE00997315 /* ContentView.swift in Sources */ = {isa = PBXBuildFile; fileRef = BB157B6A2C0E31CE00997315 /* ContentView.swift */; };
		BB157B6D2C0E31CF00997315 /* Assets.xcassets in Resources */ = {isa = PBXBuildFile; fileRef = BB157B6C2C0E31CF00997315 /* Assets.xcassets */; };
		BB157B702C0E31CF00997315 /* Preview Assets.xcassets in Resources */ = {isa = PBXBuildFile; fileRef = BB157B6F2C0E31CF00997315 /* Preview Assets.xcassets */; };
		BB157B792C0E330100997315 /* WindowUtil.swift in Sources */ = {isa = PBXBuildFile; fileRef = BB157B782C0E330100997315 /* WindowUtil.swift */; };
		BB157B7B2C0E343000997315 /* SystemPreferencesHelper.swift in Sources */ = {isa = PBXBuildFile; fileRef = BB157B7A2C0E343000997315 /* SystemPreferencesHelper.swift */; };
		BB157B802C0E8E6700997315 /* MessageUtil.swift in Sources */ = {isa = PBXBuildFile; fileRef = BB157B7F2C0E8E6700997315 /* MessageUtil.swift */; };
		BB157B822C0EB29E00997315 /* DockObserver.swift in Sources */ = {isa = PBXBuildFile; fileRef = BB157B812C0EB29E00997315 /* DockObserver.swift */; };
		BB157B842C0EC39D00997315 /* AppDelegate.swift in Sources */ = {isa = PBXBuildFile; fileRef = BB157B832C0EC39D00997315 /* AppDelegate.swift */; };
		BB2567C62C10C5F000C0C93E /* DockUtils.swift in Sources */ = {isa = PBXBuildFile; fileRef = BB2567C52C10C5F000C0C93E /* DockUtils.swift */; };
/* End PBXBuildFile section */

/* Begin PBXFileReference section */
		BB157B652C0E31CE00997315 /* DockDoor.app */ = {isa = PBXFileReference; explicitFileType = wrapper.application; includeInIndex = 0; path = DockDoor.app; sourceTree = BUILT_PRODUCTS_DIR; };
		BB157B682C0E31CE00997315 /* DockDoorApp.swift */ = {isa = PBXFileReference; lastKnownFileType = sourcecode.swift; path = DockDoorApp.swift; sourceTree = "<group>"; };
		BB157B6A2C0E31CE00997315 /* ContentView.swift */ = {isa = PBXFileReference; lastKnownFileType = sourcecode.swift; path = ContentView.swift; sourceTree = "<group>"; };
		BB157B6C2C0E31CF00997315 /* Assets.xcassets */ = {isa = PBXFileReference; lastKnownFileType = folder.assetcatalog; path = Assets.xcassets; sourceTree = "<group>"; };
		BB157B6F2C0E31CF00997315 /* Preview Assets.xcassets */ = {isa = PBXFileReference; lastKnownFileType = folder.assetcatalog; path = "Preview Assets.xcassets"; sourceTree = "<group>"; };
		BB157B712C0E31CF00997315 /* DockDoor.entitlements */ = {isa = PBXFileReference; lastKnownFileType = text.plist.entitlements; path = DockDoor.entitlements; sourceTree = "<group>"; };
		BB157B782C0E330100997315 /* WindowUtil.swift */ = {isa = PBXFileReference; lastKnownFileType = sourcecode.swift; path = WindowUtil.swift; sourceTree = "<group>"; };
		BB157B7A2C0E343000997315 /* SystemPreferencesHelper.swift */ = {isa = PBXFileReference; lastKnownFileType = sourcecode.swift; path = SystemPreferencesHelper.swift; sourceTree = "<group>"; };
		BB157B7F2C0E8E6700997315 /* MessageUtil.swift */ = {isa = PBXFileReference; lastKnownFileType = sourcecode.swift; path = MessageUtil.swift; sourceTree = "<group>"; };
		BB157B812C0EB29E00997315 /* DockObserver.swift */ = {isa = PBXFileReference; lastKnownFileType = sourcecode.swift; path = DockObserver.swift; sourceTree = "<group>"; };
		BB157B832C0EC39D00997315 /* AppDelegate.swift */ = {isa = PBXFileReference; lastKnownFileType = sourcecode.swift; path = AppDelegate.swift; sourceTree = "<group>"; };
		BB2567C52C10C5F000C0C93E /* DockUtils.swift */ = {isa = PBXFileReference; fileEncoding = 4; lastKnownFileType = sourcecode.swift; path = DockUtils.swift; sourceTree = "<group>"; };
/* End PBXFileReference section */

/* Begin PBXFrameworksBuildPhase section */
		BB157B622C0E31CE00997315 /* Frameworks */ = {
			isa = PBXFrameworksBuildPhase;
			buildActionMask = 2147483647;
			files = (
			);
			runOnlyForDeploymentPostprocessing = 0;
		};
/* End PBXFrameworksBuildPhase section */

/* Begin PBXGroup section */
		BB157B5C2C0E31CE00997315 = {
			isa = PBXGroup;
			children = (
				BB157B832C0EC39D00997315 /* AppDelegate.swift */,
				BB157B672C0E31CE00997315 /* DockDoor */,
				BB157B662C0E31CE00997315 /* Products */,
			);
			sourceTree = "<group>";
		};
		BB157B662C0E31CE00997315 /* Products */ = {
			isa = PBXGroup;
			children = (
				BB157B652C0E31CE00997315 /* DockDoor.app */,
			);
			name = Products;
			sourceTree = "<group>";
		};
		BB157B672C0E31CE00997315 /* DockDoor */ = {
			isa = PBXGroup;
			children = (
				BB157B772C0E32EF00997315 /* Utilities */,
				BB157B682C0E31CE00997315 /* DockDoorApp.swift */,
				BB157B6A2C0E31CE00997315 /* ContentView.swift */,
				BB157B6C2C0E31CF00997315 /* Assets.xcassets */,
				BB157B712C0E31CF00997315 /* DockDoor.entitlements */,
				BB157B6E2C0E31CF00997315 /* Preview Content */,
			);
			path = DockDoor;
			sourceTree = "<group>";
		};
		BB157B6E2C0E31CF00997315 /* Preview Content */ = {
			isa = PBXGroup;
			children = (
				BB157B6F2C0E31CF00997315 /* Preview Assets.xcassets */,
			);
			path = "Preview Content";
			sourceTree = "<group>";
		};
		BB157B772C0E32EF00997315 /* Utilities */ = {
			isa = PBXGroup;
			children = (
				BB2567C52C10C5F000C0C93E /* DockUtils.swift */,
				BB157B782C0E330100997315 /* WindowUtil.swift */,
				BB157B7A2C0E343000997315 /* SystemPreferencesHelper.swift */,
				BB157B7F2C0E8E6700997315 /* MessageUtil.swift */,
				BB157B812C0EB29E00997315 /* DockObserver.swift */,
			);
			path = Utilities;
			sourceTree = "<group>";
		};
/* End PBXGroup section */

/* Begin PBXNativeTarget section */
		BB157B642C0E31CE00997315 /* DockDoor */ = {
			isa = PBXNativeTarget;
			buildConfigurationList = BB157B742C0E31CF00997315 /* Build configuration list for PBXNativeTarget "DockDoor" */;
			buildPhases = (
				BB157B612C0E31CE00997315 /* Sources */,
				BB157B622C0E31CE00997315 /* Frameworks */,
				BB157B632C0E31CE00997315 /* Resources */,
			);
			buildRules = (
			);
			dependencies = (
			);
			name = DockDoor;
			packageProductDependencies = (
			);
			productName = DockDoor;
			productReference = BB157B652C0E31CE00997315 /* DockDoor.app */;
			productType = "com.apple.product-type.application";
		};
/* End PBXNativeTarget section */

/* Begin PBXProject section */
		BB157B5D2C0E31CE00997315 /* Project object */ = {
			isa = PBXProject;
			attributes = {
				BuildIndependentTargetsInParallel = 1;
				LastSwiftUpdateCheck = 1540;
				LastUpgradeCheck = 1540;
				TargetAttributes = {
					BB157B642C0E31CE00997315 = {
						CreatedOnToolsVersion = 15.4;
					};
				};
			};
			buildConfigurationList = BB157B602C0E31CE00997315 /* Build configuration list for PBXProject "DockDoor" */;
			compatibilityVersion = "Xcode 14.0";
			developmentRegion = en;
			hasScannedForEncodings = 0;
			knownRegions = (
				en,
				Base,
			);
			mainGroup = BB157B5C2C0E31CE00997315;
			packageReferences = (
			);
			productRefGroup = BB157B662C0E31CE00997315 /* Products */;
			projectDirPath = "";
			projectRoot = "";
			targets = (
				BB157B642C0E31CE00997315 /* DockDoor */,
			);
		};
/* End PBXProject section */

/* Begin PBXResourcesBuildPhase section */
		BB157B632C0E31CE00997315 /* Resources */ = {
			isa = PBXResourcesBuildPhase;
			buildActionMask = 2147483647;
			files = (
				BB157B702C0E31CF00997315 /* Preview Assets.xcassets in Resources */,
				BB157B6D2C0E31CF00997315 /* Assets.xcassets in Resources */,
			);
			runOnlyForDeploymentPostprocessing = 0;
		};
/* End PBXResourcesBuildPhase section */

/* Begin PBXSourcesBuildPhase section */
		BB157B612C0E31CE00997315 /* Sources */ = {
			isa = PBXSourcesBuildPhase;
			buildActionMask = 2147483647;
			files = (
				BB157B6B2C0E31CE00997315 /* ContentView.swift in Sources */,
				BB157B802C0E8E6700997315 /* MessageUtil.swift in Sources */,
				BB157B822C0EB29E00997315 /* DockObserver.swift in Sources */,
				BB157B692C0E31CE00997315 /* DockDoorApp.swift in Sources */,
				BB2567C62C10C5F000C0C93E /* DockUtils.swift in Sources */,
				BB157B842C0EC39D00997315 /* AppDelegate.swift in Sources */,
				BB157B792C0E330100997315 /* WindowUtil.swift in Sources */,
				BB157B7B2C0E343000997315 /* SystemPreferencesHelper.swift in Sources */,
			);
			runOnlyForDeploymentPostprocessing = 0;
		};
/* End PBXSourcesBuildPhase section */

/* Begin XCBuildConfiguration section */
		BB157B722C0E31CF00997315 /* Debug */ = {
			isa = XCBuildConfiguration;
			buildSettings = {
				ALWAYS_SEARCH_USER_PATHS = NO;
				ASSETCATALOG_COMPILER_GENERATE_SWIFT_ASSET_SYMBOL_EXTENSIONS = YES;
				CLANG_ANALYZER_NONNULL = YES;
				CLANG_ANALYZER_NUMBER_OBJECT_CONVERSION = YES_AGGRESSIVE;
				CLANG_CXX_LANGUAGE_STANDARD = "gnu++20";
				CLANG_ENABLE_MODULES = YES;
				CLANG_ENABLE_OBJC_ARC = YES;
				CLANG_ENABLE_OBJC_WEAK = YES;
				CLANG_WARN_BLOCK_CAPTURE_AUTORELEASING = YES;
				CLANG_WARN_BOOL_CONVERSION = YES;
				CLANG_WARN_COMMA = YES;
				CLANG_WARN_CONSTANT_CONVERSION = YES;
				CLANG_WARN_DEPRECATED_OBJC_IMPLEMENTATIONS = YES;
				CLANG_WARN_DIRECT_OBJC_ISA_USAGE = YES_ERROR;
				CLANG_WARN_DOCUMENTATION_COMMENTS = YES;
				CLANG_WARN_EMPTY_BODY = YES;
				CLANG_WARN_ENUM_CONVERSION = YES;
				CLANG_WARN_INFINITE_RECURSION = YES;
				CLANG_WARN_INT_CONVERSION = YES;
				CLANG_WARN_NON_LITERAL_NULL_CONVERSION = YES;
				CLANG_WARN_OBJC_IMPLICIT_RETAIN_SELF = YES;
				CLANG_WARN_OBJC_LITERAL_CONVERSION = YES;
				CLANG_WARN_OBJC_ROOT_CLASS = YES_ERROR;
				CLANG_WARN_QUOTED_INCLUDE_IN_FRAMEWORK_HEADER = YES;
				CLANG_WARN_RANGE_LOOP_ANALYSIS = YES;
				CLANG_WARN_STRICT_PROTOTYPES = YES;
				CLANG_WARN_SUSPICIOUS_MOVE = YES;
				CLANG_WARN_UNGUARDED_AVAILABILITY = YES_AGGRESSIVE;
				CLANG_WARN_UNREACHABLE_CODE = YES;
				CLANG_WARN__DUPLICATE_METHOD_MATCH = YES;
				COPY_PHASE_STRIP = NO;
				DEBUG_INFORMATION_FORMAT = dwarf;
				ENABLE_STRICT_OBJC_MSGSEND = YES;
				ENABLE_TESTABILITY = YES;
				ENABLE_USER_SCRIPT_SANDBOXING = YES;
				GCC_C_LANGUAGE_STANDARD = gnu17;
				GCC_DYNAMIC_NO_PIC = NO;
				GCC_NO_COMMON_BLOCKS = YES;
				GCC_OPTIMIZATION_LEVEL = 0;
				GCC_PREPROCESSOR_DEFINITIONS = (
					"DEBUG=1",
					"$(inherited)",
				);
				GCC_WARN_64_TO_32_BIT_CONVERSION = YES;
				GCC_WARN_ABOUT_RETURN_TYPE = YES_ERROR;
				GCC_WARN_UNDECLARED_SELECTOR = YES;
				GCC_WARN_UNINITIALIZED_AUTOS = YES_AGGRESSIVE;
				GCC_WARN_UNUSED_FUNCTION = YES;
				GCC_WARN_UNUSED_VARIABLE = YES;
				LOCALIZATION_PREFERS_STRING_CATALOGS = YES;
				MACOSX_DEPLOYMENT_TARGET = 14.5;
				MTL_ENABLE_DEBUG_INFO = INCLUDE_SOURCE;
				MTL_FAST_MATH = YES;
				ONLY_ACTIVE_ARCH = YES;
				SDKROOT = macosx;
				SWIFT_ACTIVE_COMPILATION_CONDITIONS = "DEBUG $(inherited)";
				SWIFT_OPTIMIZATION_LEVEL = "-Onone";
			};
			name = Debug;
		};
		BB157B732C0E31CF00997315 /* Release */ = {
			isa = XCBuildConfiguration;
			buildSettings = {
				ALWAYS_SEARCH_USER_PATHS = NO;
				ASSETCATALOG_COMPILER_GENERATE_SWIFT_ASSET_SYMBOL_EXTENSIONS = YES;
				CLANG_ANALYZER_NONNULL = YES;
				CLANG_ANALYZER_NUMBER_OBJECT_CONVERSION = YES_AGGRESSIVE;
				CLANG_CXX_LANGUAGE_STANDARD = "gnu++20";
				CLANG_ENABLE_MODULES = YES;
				CLANG_ENABLE_OBJC_ARC = YES;
				CLANG_ENABLE_OBJC_WEAK = YES;
				CLANG_WARN_BLOCK_CAPTURE_AUTORELEASING = YES;
				CLANG_WARN_BOOL_CONVERSION = YES;
				CLANG_WARN_COMMA = YES;
				CLANG_WARN_CONSTANT_CONVERSION = YES;
				CLANG_WARN_DEPRECATED_OBJC_IMPLEMENTATIONS = YES;
				CLANG_WARN_DIRECT_OBJC_ISA_USAGE = YES_ERROR;
				CLANG_WARN_DOCUMENTATION_COMMENTS = YES;
				CLANG_WARN_EMPTY_BODY = YES;
				CLANG_WARN_ENUM_CONVERSION = YES;
				CLANG_WARN_INFINITE_RECURSION = YES;
				CLANG_WARN_INT_CONVERSION = YES;
				CLANG_WARN_NON_LITERAL_NULL_CONVERSION = YES;
				CLANG_WARN_OBJC_IMPLICIT_RETAIN_SELF = YES;
				CLANG_WARN_OBJC_LITERAL_CONVERSION = YES;
				CLANG_WARN_OBJC_ROOT_CLASS = YES_ERROR;
				CLANG_WARN_QUOTED_INCLUDE_IN_FRAMEWORK_HEADER = YES;
				CLANG_WARN_RANGE_LOOP_ANALYSIS = YES;
				CLANG_WARN_STRICT_PROTOTYPES = YES;
				CLANG_WARN_SUSPICIOUS_MOVE = YES;
				CLANG_WARN_UNGUARDED_AVAILABILITY = YES_AGGRESSIVE;
				CLANG_WARN_UNREACHABLE_CODE = YES;
				CLANG_WARN__DUPLICATE_METHOD_MATCH = YES;
				COPY_PHASE_STRIP = NO;
				DEBUG_INFORMATION_FORMAT = "dwarf-with-dsym";
				ENABLE_NS_ASSERTIONS = NO;
				ENABLE_STRICT_OBJC_MSGSEND = YES;
				ENABLE_USER_SCRIPT_SANDBOXING = YES;
				GCC_C_LANGUAGE_STANDARD = gnu17;
				GCC_NO_COMMON_BLOCKS = YES;
				GCC_WARN_64_TO_32_BIT_CONVERSION = YES;
				GCC_WARN_ABOUT_RETURN_TYPE = YES_ERROR;
				GCC_WARN_UNDECLARED_SELECTOR = YES;
				GCC_WARN_UNINITIALIZED_AUTOS = YES_AGGRESSIVE;
				GCC_WARN_UNUSED_FUNCTION = YES;
				GCC_WARN_UNUSED_VARIABLE = YES;
				LOCALIZATION_PREFERS_STRING_CATALOGS = YES;
				MACOSX_DEPLOYMENT_TARGET = 14.5;
				MTL_ENABLE_DEBUG_INFO = NO;
				MTL_FAST_MATH = YES;
				SDKROOT = macosx;
				SWIFT_COMPILATION_MODE = wholemodule;
			};
			name = Release;
		};
		BB157B752C0E31CF00997315 /* Debug */ = {
			isa = XCBuildConfiguration;
			buildSettings = {
				ASSETCATALOG_COMPILER_APPICON_NAME = AppIcon;
				ASSETCATALOG_COMPILER_GLOBAL_ACCENT_COLOR_NAME = AccentColor;
				CODE_SIGN_ENTITLEMENTS = DockDoor/DockDoor.entitlements;
				CODE_SIGN_STYLE = Automatic;
				COMBINE_HIDPI_IMAGES = YES;
				CURRENT_PROJECT_VERSION = 1;
				DEVELOPMENT_ASSET_PATHS = "\"DockDoor/Preview Content\"";
				DEVELOPMENT_TEAM = 2Q775S63Q3;
				ENABLE_PREVIEWS = YES;
				GENERATE_INFOPLIST_FILE = YES;
				INFOPLIST_KEY_CFBundleDisplayName = DockDoor;
				INFOPLIST_KEY_LSApplicationCategoryType = "public.app-category.utilities";
				INFOPLIST_KEY_NSHumanReadableCopyright = "";
				LD_RUNPATH_SEARCH_PATHS = (
					"$(inherited)",
					"@executable_path/../Frameworks",
				);
				MARKETING_VERSION = 1.0;
				PRODUCT_BUNDLE_IDENTIFIER = com.keplercafe.DockDoor;
				PRODUCT_NAME = "$(TARGET_NAME)";
				SWIFT_EMIT_LOC_STRINGS = YES;
				SWIFT_VERSION = 5.0;
			};
			name = Debug;
		};
		BB157B762C0E31CF00997315 /* Release */ = {
			isa = XCBuildConfiguration;
			buildSettings = {
				ASSETCATALOG_COMPILER_APPICON_NAME = AppIcon;
				ASSETCATALOG_COMPILER_GLOBAL_ACCENT_COLOR_NAME = AccentColor;
				CODE_SIGN_ENTITLEMENTS = DockDoor/DockDoor.entitlements;
				CODE_SIGN_STYLE = Automatic;
				COMBINE_HIDPI_IMAGES = YES;
				CURRENT_PROJECT_VERSION = 1;
				DEVELOPMENT_ASSET_PATHS = "\"DockDoor/Preview Content\"";
				DEVELOPMENT_TEAM = 2Q775S63Q3;
				ENABLE_PREVIEWS = YES;
				GENERATE_INFOPLIST_FILE = YES;
				INFOPLIST_KEY_CFBundleDisplayName = DockDoor;
				INFOPLIST_KEY_LSApplicationCategoryType = "public.app-category.utilities";
				INFOPLIST_KEY_NSHumanReadableCopyright = "";
				LD_RUNPATH_SEARCH_PATHS = (
					"$(inherited)",
					"@executable_path/../Frameworks",
				);
				MARKETING_VERSION = 1.0;
				PRODUCT_BUNDLE_IDENTIFIER = com.keplercafe.DockDoor;
				PRODUCT_NAME = "$(TARGET_NAME)";
				SWIFT_EMIT_LOC_STRINGS = YES;
				SWIFT_VERSION = 5.0;
			};
			name = Release;
		};
/* End XCBuildConfiguration section */

/* Begin XCConfigurationList section */
		BB157B602C0E31CE00997315 /* Build configuration list for PBXProject "DockDoor" */ = {
			isa = XCConfigurationList;
			buildConfigurations = (
				BB157B722C0E31CF00997315 /* Debug */,
				BB157B732C0E31CF00997315 /* Release */,
			);
			defaultConfigurationIsVisible = 0;
			defaultConfigurationName = Release;
		};
		BB157B742C0E31CF00997315 /* Build configuration list for PBXNativeTarget "DockDoor" */ = {
			isa = XCConfigurationList;
			buildConfigurations = (
				BB157B752C0E31CF00997315 /* Debug */,
				BB157B762C0E31CF00997315 /* Release */,
			);
			defaultConfigurationIsVisible = 0;
			defaultConfigurationName = Release;
		};
/* End XCConfigurationList section */
	};
	rootObject = BB157B5D2C0E31CE00997315 /* Project object */;
}
