{
  "originHash" : "31edf67db336384c383f66c19dd1db62c11aa738cf40a5d6e91ffcfb248be0a4",
  "pins" : [
    {
      "identity" : "defaults",
      "kind" : "remoteSourceControl",
      "location" : "https://github.com/sindresorhus/Defaults",
      "state" : {
        "branch" : "main",
        "revision" : "d8a954e69ff13b0f7805f3757c8f8d0c8ef5a8cb"
      }
    },
    {
      "identity" : "launchatlogin-modern",
      "kind" : "remoteSourceControl",
      "location" : "https://github.com/sindresorhus/LaunchAtLogin-Modern",
      "state" : {
        "branch" : "main",
        "revision" : "a04ec1c363be3627734f6dad757d82f5d4fa8fcc"
      }
    },
    {
      "identity" : "settings",
      "kind" : "remoteSourceControl",
      "location" : "https://github.com/sindresorhus/Settings",
      "state" : {
        "revision" : "879ea83a7bbc6dbebf62bed8c547f090146372a6",
        "version" : "3.1.1"
      }
    },
    {
      "identity" : "smoothgradient",
      "kind" : "remoteSourceControl",
      "location" : "https://github.com/raymondjavaxx/SmoothGradient",
      "state" : {
        "revision" : "61bf248fad31c7921c9985b418e6e9297cd7b861",
        "version" : "1.0.0"
      }
    },
    {
      "identity" : "sparkle",
      "kind" : "remoteSourceControl",
      "location" : "https://github.com/sparkle-project/Sparkle",
      "state" : {
        "revision" : "b456fd404954a9e13f55aa0c88cd5a40b8399638",
        "version" : "2.6.3"
      }
    }
  ],
  "version" : 3
}
