{
  "originHash" : "2bfde059353be8ccc64922449a9c017e6e8a78958e9d4aac1f2e50f391c2b137",
  "pins" : [
    {
      "identity" : "defaults",
      "kind" : "remoteSourceControl",
      "location" : "https://github.com/sindresorhus/Defaults",
      "state" : {
        "branch" : "main",
        "revision" : "d8a954e69ff13b0f7805f3757c8f8d0c8ef5a8cb"
      }
    }
  ],
  "version" : 3
}
